// !$*UTF8*$!
{
	archiveVersion = 1;
	classes = {
	};
	objectVersion = 46;
	objects = {

/* Begin PBXBuildFile section */
		0318673419CD0CAE004C6DBD /* RegisterController.m in Sources */ = {isa = PBXBuildFile; fileRef = 0318673219CD0CAE004C6DBD /* RegisterController.m */; };
		0318673519CD0CAE004C6DBD /* RegisterController.xib in Resources */ = {isa = PBXBuildFile; fileRef = 0318673319CD0CAE004C6DBD /* RegisterController.xib */; };
		0318673719CD0FF0004C6DBD /* navi_back@2x.png in Resources */ = {isa = PBXBuildFile; fileRef = 0318673619CD0FF0004C6DBD /* navi_back@2x.png */; };
		031B51F219CF176200FEA536 /* IntegrationDetailController.m in Sources */ = {isa = PBXBuildFile; fileRef = 031B51F019CF176200FEA536 /* IntegrationDetailController.m */; };
		031B51F319CF176200FEA536 /* IntegrationDetailController.xib in Resources */ = {isa = PBXBuildFile; fileRef = 031B51F119CF176200FEA536 /* IntegrationDetailController.xib */; };
		031B51F719CF18CC00FEA536 /* IntegrationDetailCell.m in Sources */ = {isa = PBXBuildFile; fileRef = 031B51F519CF18CC00FEA536 /* IntegrationDetailCell.m */; };
		031B51F819CF18CC00FEA536 /* IntegrationDetailCell.xib in Resources */ = {isa = PBXBuildFile; fileRef = 031B51F619CF18CC00FEA536 /* IntegrationDetailCell.xib */; };
		031B544419D1AEC900FEA536 /* Default-568h@2x.png in Resources */ = {isa = PBXBuildFile; fileRef = 031B544119D1AEC900FEA536 /* Default-568h@2x.png */; };
		031B544519D1AEC900FEA536 /* Default@2x.png in Resources */ = {isa = PBXBuildFile; fileRef = 031B544219D1AEC900FEA536 /* Default@2x.png */; };
		031B544619D1AEC900FEA536 /* Icon120.png in Resources */ = {isa = PBXBuildFile; fileRef = 031B544319D1AEC900FEA536 /* Icon120.png */; };
		031B544819D1AF2400FEA536 /* logo_icon.png in Resources */ = {isa = PBXBuildFile; fileRef = 031B544719D1AF2400FEA536 /* logo_icon.png */; };
		033F738119CD1D4D00F5DF52 /* Utils.m in Sources */ = {isa = PBXBuildFile; fileRef = 033F738019CD1D4D00F5DF52 /* Utils.m */; };
		033F738519CD1E3500F5DF52 /* register_verifyCode_h.png in Resources */ = {isa = PBXBuildFile; fileRef = 033F738219CD1E3500F5DF52 /* register_verifyCode_h.png */; };
		033F738619CD1E3500F5DF52 /* register_verifyCode_n.png in Resources */ = {isa = PBXBuildFile; fileRef = 033F738319CD1E3500F5DF52 /* register_verifyCode_n.png */; };
		033F738719CD1E3500F5DF52 /* register_verifyThumb.png in Resources */ = {isa = PBXBuildFile; fileRef = 033F738419CD1E3500F5DF52 /* register_verifyThumb.png */; };
		033F738D19CD3A1E00F5DF52 /* ScanViewController.m in Sources */ = {isa = PBXBuildFile; fileRef = 033F738B19CD3A1E00F5DF52 /* ScanViewController.m */; };
		033F738E19CD3A1E00F5DF52 /* ScanViewController.xib in Resources */ = {isa = PBXBuildFile; fileRef = 033F738C19CD3A1E00F5DF52 /* ScanViewController.xib */; };
		033F739219CD3BDA00F5DF52 /* InputBarcodeController.m in Sources */ = {isa = PBXBuildFile; fileRef = 033F739019CD3BDA00F5DF52 /* InputBarcodeController.m */; };
		033F739319CD3BDA00F5DF52 /* InputBarcodeController.xib in Resources */ = {isa = PBXBuildFile; fileRef = 033F739119CD3BDA00F5DF52 /* InputBarcodeController.xib */; };
		033F739919CD3D7B00F5DF52 /* input_cancel_h.png in Resources */ = {isa = PBXBuildFile; fileRef = 033F739419CD3D7B00F5DF52 /* input_cancel_h.png */; };
		033F739A19CD3D7B00F5DF52 /* input_cancel_n.png in Resources */ = {isa = PBXBuildFile; fileRef = 033F739519CD3D7B00F5DF52 /* input_cancel_n.png */; };
		033F739B19CD3D7B00F5DF52 /* input_confirm_h.png in Resources */ = {isa = PBXBuildFile; fileRef = 033F739619CD3D7B00F5DF52 /* input_confirm_h.png */; };
		033F739C19CD3D7B00F5DF52 /* input_confirm_n.png in Resources */ = {isa = PBXBuildFile; fileRef = 033F739719CD3D7B00F5DF52 /* input_confirm_n.png */; };
		033F739D19CD3D7B00F5DF52 /* input_textField.png in Resources */ = {isa = PBXBuildFile; fileRef = 033F739819CD3D7B00F5DF52 /* input_textField.png */; };
		036163D519CE857200FDC231 /* WealthViewController.m in Sources */ = {isa = PBXBuildFile; fileRef = 036163D319CE857200FDC231 /* WealthViewController.m */; };
		036163D619CE857200FDC231 /* WealthViewController.xib in Resources */ = {isa = PBXBuildFile; fileRef = 036163D419CE857200FDC231 /* WealthViewController.xib */; };
		036163DA19CE890D00FDC231 /* WealthCell.m in Sources */ = {isa = PBXBuildFile; fileRef = 036163D819CE890D00FDC231 /* WealthCell.m */; };
		036163DB19CE890D00FDC231 /* WealthCell.xib in Resources */ = {isa = PBXBuildFile; fileRef = 036163D919CE890D00FDC231 /* WealthCell.xib */; };
		036163DF19CE8ED100FDC231 /* wealthCell_arrow.png in Resources */ = {isa = PBXBuildFile; fileRef = 036163DD19CE8ED100FDC231 /* wealthCell_arrow.png */; };
		036163E019CE8ED100FDC231 /* wealthCell_integeration.png in Resources */ = {isa = PBXBuildFile; fileRef = 036163DE19CE8ED100FDC231 /* wealthCell_integeration.png */; };
		036163E419CE956B00FDC231 /* RankCell.m in Sources */ = {isa = PBXBuildFile; fileRef = 036163E219CE956B00FDC231 /* RankCell.m */; };
		036163E519CE956B00FDC231 /* RankCell.xib in Resources */ = {isa = PBXBuildFile; fileRef = 036163E319CE956B00FDC231 /* RankCell.xib */; };
		036163E919CE95A900FDC231 /* RankViewController.m in Sources */ = {isa = PBXBuildFile; fileRef = 036163E719CE95A900FDC231 /* RankViewController.m */; };
		036163EA19CE95A900FDC231 /* RankViewController.xib in Resources */ = {isa = PBXBuildFile; fileRef = 036163E819CE95A900FDC231 /* RankViewController.xib */; };
		036163EE19CEBEC100FDC231 /* rankCell_one.png in Resources */ = {isa = PBXBuildFile; fileRef = 036163EB19CEBEC100FDC231 /* rankCell_one.png */; };
		036163EF19CEBEC100FDC231 /* rankCell_three.png in Resources */ = {isa = PBXBuildFile; fileRef = 036163EC19CEBEC100FDC231 /* rankCell_three.png */; };
		036163F019CEBEC100FDC231 /* rankCell_two.png in Resources */ = {isa = PBXBuildFile; fileRef = 036163ED19CEBEC100FDC231 /* rankCell_two.png */; };
		036163F219CEC08500FDC231 /* rankCell_round.png in Resources */ = {isa = PBXBuildFile; fileRef = 036163F119CEC08500FDC231 /* rankCell_round.png */; };
		04806AF019C6B29100772BEF /* TaskTableViewCell.m in Sources */ = {isa = PBXBuildFile; fileRef = 04806AEF19C6B29100772BEF /* TaskTableViewCell.m */; };
		04806AF519C6B7A400772BEF /* task_tel_down@2x.png in Resources */ = {isa = PBXBuildFile; fileRef = 04806AF119C6B7A400772BEF /* task_tel_down@2x.png */; };
		04806AF619C6B7A400772BEF /* task_tel@2x.png in Resources */ = {isa = PBXBuildFile; fileRef = 04806AF219C6B7A400772BEF /* task_tel@2x.png */; };
		04806AF719C6B7A400772BEF /* task_vip_down@2x.png in Resources */ = {isa = PBXBuildFile; fileRef = 04806AF319C6B7A400772BEF /* task_vip_down@2x.png */; };
		04806AF819C6B7A400772BEF /* task_vip@2x.png in Resources */ = {isa = PBXBuildFile; fileRef = 04806AF419C6B7A400772BEF /* task_vip@2x.png */; };
		04806AFB19C6BAD200772BEF /* TaskHeadView.m in Sources */ = {isa = PBXBuildFile; fileRef = 04806AFA19C6BAD200772BEF /* TaskHeadView.m */; };
		04B36414192071E7001FD570 /* SmallGoldMineCell.m in Sources */ = {isa = PBXBuildFile; fileRef = 04B36411192071E7001FD570 /* SmallGoldMineCell.m */; };
		04B36415192071E7001FD570 /* SmallGoldMineViewController.m in Sources */ = {isa = PBXBuildFile; fileRef = 04B36413192071E7001FD570 /* SmallGoldMineViewController.m */; };
		04B5FDEB19C6829B00102BC1 /* MKAnnotationView+WebCache.m in Sources */ = {isa = PBXBuildFile; fileRef = 04B5FDCC19C6829B00102BC1 /* MKAnnotationView+WebCache.m */; };
		04B5FDEC19C6829B00102BC1 /* NSData+ImageContentType.m in Sources */ = {isa = PBXBuildFile; fileRef = 04B5FDCE19C6829B00102BC1 /* NSData+ImageContentType.m */; };
		04B5FDED19C6829B00102BC1 /* SDImageCache.m in Sources */ = {isa = PBXBuildFile; fileRef = 04B5FDD019C6829B00102BC1 /* SDImageCache.m */; };
		04B5FDEE19C6829B00102BC1 /* SDWebImageCompat.m in Sources */ = {isa = PBXBuildFile; fileRef = 04B5FDD319C6829B00102BC1 /* SDWebImageCompat.m */; };
		04B5FDEF19C6829B00102BC1 /* SDWebImageDecoder.m in Sources */ = {isa = PBXBuildFile; fileRef = 04B5FDD519C6829B00102BC1 /* SDWebImageDecoder.m */; };
		04B5FDF019C6829B00102BC1 /* SDWebImageDownloader.m in Sources */ = {isa = PBXBuildFile; fileRef = 04B5FDD719C6829B00102BC1 /* SDWebImageDownloader.m */; };
		04B5FDF119C6829B00102BC1 /* SDWebImageDownloaderOperation.m in Sources */ = {isa = PBXBuildFile; fileRef = 04B5FDDA19C6829B00102BC1 /* SDWebImageDownloaderOperation.m */; };
		04B5FDF219C6829B00102BC1 /* SDWebImageManager.m in Sources */ = {isa = PBXBuildFile; fileRef = 04B5FDDC19C6829B00102BC1 /* SDWebImageManager.m */; };
		04B5FDF319C6829C00102BC1 /* SDWebImagePrefetcher.m in Sources */ = {isa = PBXBuildFile; fileRef = 04B5FDE019C6829B00102BC1 /* SDWebImagePrefetcher.m */; };
		04B5FDF419C6829C00102BC1 /* UIButton+WebCache.m in Sources */ = {isa = PBXBuildFile; fileRef = 04B5FDE219C6829B00102BC1 /* UIButton+WebCache.m */; };
		04B5FDF519C6829C00102BC1 /* UIImage+GIF.m in Sources */ = {isa = PBXBuildFile; fileRef = 04B5FDE419C6829B00102BC1 /* UIImage+GIF.m */; };
		04B5FDF619C6829C00102BC1 /* UIImage+MultiFormat.m in Sources */ = {isa = PBXBuildFile; fileRef = 04B5FDE619C6829B00102BC1 /* UIImage+MultiFormat.m */; };
		04B5FDF719C6829C00102BC1 /* UIImage+WebP.m in Sources */ = {isa = PBXBuildFile; fileRef = 04B5FDE819C6829B00102BC1 /* UIImage+WebP.m */; };
		04B5FDF819C6829C00102BC1 /* UIImageView+WebCache.m in Sources */ = {isa = PBXBuildFile; fileRef = 04B5FDEA19C6829B00102BC1 /* UIImageView+WebCache.m */; };
		04FC3CF0191F2CD000CB8F80 /* Foundation.framework in Frameworks */ = {isa = PBXBuildFile; fileRef = 04FC3CEF191F2CD000CB8F80 /* Foundation.framework */; };
		04FC3CF2191F2CD000CB8F80 /* CoreGraphics.framework in Frameworks */ = {isa = PBXBuildFile; fileRef = 04FC3CF1191F2CD000CB8F80 /* CoreGraphics.framework */; };
		04FC3CF4191F2CD000CB8F80 /* UIKit.framework in Frameworks */ = {isa = PBXBuildFile; fileRef = 04FC3CF3191F2CD000CB8F80 /* UIKit.framework */; };
		04FC3CFA191F2CD000CB8F80 /* InfoPlist.strings in Resources */ = {isa = PBXBuildFile; fileRef = 04FC3CF8191F2CD000CB8F80 /* InfoPlist.strings */; };
		04FC3CFC191F2CD000CB8F80 /* main.m in Sources */ = {isa = PBXBuildFile; fileRef = 04FC3CFB191F2CD000CB8F80 /* main.m */; };
		04FC3D00191F2CD000CB8F80 /* AppDelegate.m in Sources */ = {isa = PBXBuildFile; fileRef = 04FC3CFF191F2CD000CB8F80 /* AppDelegate.m */; };
		04FC3D03191F2CD000CB8F80 /* Main.storyboard in Resources */ = {isa = PBXBuildFile; fileRef = 04FC3D01191F2CD000CB8F80 /* Main.storyboard */; };
		04FC3D06191F2CD000CB8F80 /* ViewController.m in Sources */ = {isa = PBXBuildFile; fileRef = 04FC3D05191F2CD000CB8F80 /* ViewController.m */; };
		04FC3D08191F2CD000CB8F80 /* Images.xcassets in Resources */ = {isa = PBXBuildFile; fileRef = 04FC3D07191F2CD000CB8F80 /* Images.xcassets */; };
		04FC3D0F191F2CD100CB8F80 /* XCTest.framework in Frameworks */ = {isa = PBXBuildFile; fileRef = 04FC3D0E191F2CD100CB8F80 /* XCTest.framework */; };
		04FC3D10191F2CD100CB8F80 /* Foundation.framework in Frameworks */ = {isa = PBXBuildFile; fileRef = 04FC3CEF191F2CD000CB8F80 /* Foundation.framework */; };
		04FC3D11191F2CD100CB8F80 /* UIKit.framework in Frameworks */ = {isa = PBXBuildFile; fileRef = 04FC3CF3191F2CD000CB8F80 /* UIKit.framework */; };
		04FC3D19191F2CD100CB8F80 /* InfoPlist.strings in Resources */ = {isa = PBXBuildFile; fileRef = 04FC3D17191F2CD100CB8F80 /* InfoPlist.strings */; };
		04FC3D1B191F2CD100CB8F80 /* GoldMineTests.m in Sources */ = {isa = PBXBuildFile; fileRef = 04FC3D1A191F2CD100CB8F80 /* GoldMineTests.m */; };
		04FC3D35191F2D0300CB8F80 /* DrawerLeftTableViewCell.m in Sources */ = {isa = PBXBuildFile; fileRef = 04FC3D26191F2D0300CB8F80 /* DrawerLeftTableViewCell.m */; };
		04FC3D36191F2D0300CB8F80 /* MenuTopPhotoView.m in Sources */ = {isa = PBXBuildFile; fileRef = 04FC3D28191F2D0300CB8F80 /* MenuTopPhotoView.m */; };
		04FC3D37191F2D0300CB8F80 /* MMDrawerBarButtonItem.m in Sources */ = {isa = PBXBuildFile; fileRef = 04FC3D2A191F2D0300CB8F80 /* MMDrawerBarButtonItem.m */; };
		04FC3D38191F2D0300CB8F80 /* MMDrawerController.m in Sources */ = {isa = PBXBuildFile; fileRef = 04FC3D2C191F2D0300CB8F80 /* MMDrawerController.m */; };
		04FC3D39191F2D0300CB8F80 /* MMDrawerVisualState.m in Sources */ = {isa = PBXBuildFile; fileRef = 04FC3D2E191F2D0300CB8F80 /* MMDrawerVisualState.m */; };
		04FC3D3A191F2D0300CB8F80 /* SmallGoldMineDrawerVisualStateManager.m in Sources */ = {isa = PBXBuildFile; fileRef = 04FC3D30191F2D0300CB8F80 /* SmallGoldMineDrawerVisualStateManager.m */; };
		04FC3D3B191F2D0300CB8F80 /* SmallGoldMineSideDrawerViewController.m in Sources */ = {isa = PBXBuildFile; fileRef = 04FC3D32191F2D0300CB8F80 /* SmallGoldMineSideDrawerViewController.m */; };
		04FC3D3C191F2D0300CB8F80 /* UIViewController+MMDrawerController.m in Sources */ = {isa = PBXBuildFile; fileRef = 04FC3D34191F2D0300CB8F80 /* UIViewController+MMDrawerController.m */; };
		04FC3D4C191F4FD200CB8F80 /* cell_seperate_line@2x.png in Resources */ = {isa = PBXBuildFile; fileRef = 04FC3D3F191F4FD200CB8F80 /* cell_seperate_line@2x.png */; };
		04FC3D4D191F4FD200CB8F80 /* credit@2x.png in Resources */ = {isa = PBXBuildFile; fileRef = 04FC3D40191F4FD200CB8F80 /* credit@2x.png */; };
		04FC3D4E191F4FD200CB8F80 /* credit_git@2x.png in Resources */ = {isa = PBXBuildFile; fileRef = 04FC3D41191F4FD200CB8F80 /* credit_git@2x.png */; };
		04FC3D4F191F4FD200CB8F80 /* guys@2x.png in Resources */ = {isa = PBXBuildFile; fileRef = 04FC3D42191F4FD200CB8F80 /* guys@2x.png */; };
		04FC3D50191F4FD200CB8F80 /* hot_product@2x.png in Resources */ = {isa = PBXBuildFile; fileRef = 04FC3D43191F4FD200CB8F80 /* hot_product@2x.png */; };
		04FC3D51191F4FD200CB8F80 /* more@2x.png in Resources */ = {isa = PBXBuildFile; fileRef = 04FC3D44191F4FD200CB8F80 /* more@2x.png */; };
		04FC3D52191F4FD200CB8F80 /* portrait_bg@2x.png in Resources */ = {isa = PBXBuildFile; fileRef = 04FC3D45191F4FD200CB8F80 /* portrait_bg@2x.png */; };
		04FC3D53191F4FD200CB8F80 /* rank@2x.png in Resources */ = {isa = PBXBuildFile; fileRef = 04FC3D46191F4FD200CB8F80 /* rank@2x.png */; };
		04FC3D54191F4FD200CB8F80 /* setting@2x.png in Resources */ = {isa = PBXBuildFile; fileRef = 04FC3D47191F4FD200CB8F80 /* setting@2x.png */; };
		04FC3D55191F4FD200CB8F80 /* task_release@2x.png in Resources */ = {isa = PBXBuildFile; fileRef = 04FC3D48191F4FD200CB8F80 /* task_release@2x.png */; };
		04FC3D56191F4FD200CB8F80 /* vip_phonebook@2x.png in Resources */ = {isa = PBXBuildFile; fileRef = 04FC3D49191F4FD200CB8F80 /* vip_phonebook@2x.png */; };
		04FC3D57191F4FD200CB8F80 /* wealth@2x.png in Resources */ = {isa = PBXBuildFile; fileRef = 04FC3D4A191F4FD200CB8F80 /* wealth@2x.png */; };
		04FC3D58191F4FD200CB8F80 /* wealth_bg@2x.png in Resources */ = {isa = PBXBuildFile; fileRef = 04FC3D4B191F4FD200CB8F80 /* wealth_bg@2x.png */; };
		04FC3D62191F755900CB8F80 /* SuperViewController.m in Sources */ = {isa = PBXBuildFile; fileRef = 04FC3D61191F755900CB8F80 /* SuperViewController.m */; };
		04FC3D68191F88AD00CB8F80 /* add_ brand@2x.png in Resources */ = {isa = PBXBuildFile; fileRef = 04FC3D64191F88AD00CB8F80 /* add_ brand@2x.png */; };
		04FC3D69191F88AD00CB8F80 /* banner@2x.png in Resources */ = {isa = PBXBuildFile; fileRef = 04FC3D65191F88AD00CB8F80 /* banner@2x.png */; };
		04FC3D6A191F88AD00CB8F80 /* personal@2x.png in Resources */ = {isa = PBXBuildFile; fileRef = 04FC3D66191F88AD00CB8F80 /* personal@2x.png */; };
		04FC3D6B191F88AD00CB8F80 /* scan@2x.png in Resources */ = {isa = PBXBuildFile; fileRef = 04FC3D67191F88AD00CB8F80 /* scan@2x.png */; };
		04FC3D70191F98E700CB8F80 /* CustomSegmentedControl.m in Sources */ = {isa = PBXBuildFile; fileRef = 04FC3D6F191F98E700CB8F80 /* CustomSegmentedControl.m */; };
		04FC3D75191FA99400CB8F80 /* vsquare_good@2x.png in Resources */ = {isa = PBXBuildFile; fileRef = 04FC3D74191FA99400CB8F80 /* vsquare_good@2x.png */; };
		71A9871319C1E2DC008402FF /* XMLParser.m in Sources */ = {isa = PBXBuildFile; fileRef = 71A9871219C1E2DC008402FF /* XMLParser.m */; };
		71A9871619C1E3BA008402FF /* SoapRequest.m in Sources */ = {isa = PBXBuildFile; fileRef = 71A9871519C1E3BA008402FF /* SoapRequest.m */; };
		71A9872F19C1E416008402FF /* ASIAuthenticationDialog.m in Sources */ = {isa = PBXBuildFile; fileRef = 71A9871919C1E416008402FF /* ASIAuthenticationDialog.m */; settings = {COMPILER_FLAGS = "-fno-objc-arc"; }; };
		71A9873019C1E416008402FF /* ASIDataCompressor.m in Sources */ = {isa = PBXBuildFile; fileRef = 71A9871C19C1E416008402FF /* ASIDataCompressor.m */; settings = {COMPILER_FLAGS = "-fno-objc-arc"; }; };
		71A9873119C1E416008402FF /* ASIDataDecompressor.m in Sources */ = {isa = PBXBuildFile; fileRef = 71A9871E19C1E416008402FF /* ASIDataDecompressor.m */; settings = {COMPILER_FLAGS = "-fno-objc-arc"; }; };
		71A9873219C1E416008402FF /* ASIDownloadCache.m in Sources */ = {isa = PBXBuildFile; fileRef = 71A9872019C1E416008402FF /* ASIDownloadCache.m */; settings = {COMPILER_FLAGS = "-fno-objc-arc"; }; };
		71A9873319C1E416008402FF /* ASIFormDataRequest.m in Sources */ = {isa = PBXBuildFile; fileRef = 71A9872219C1E416008402FF /* ASIFormDataRequest.m */; settings = {COMPILER_FLAGS = "-fno-objc-arc"; }; };
		71A9873419C1E416008402FF /* ASIHTTPRequest.m in Sources */ = {isa = PBXBuildFile; fileRef = 71A9872419C1E416008402FF /* ASIHTTPRequest.m */; settings = {COMPILER_FLAGS = "-fno-objc-arc"; }; };
		71A9873519C1E416008402FF /* ASIInputStream.m in Sources */ = {isa = PBXBuildFile; fileRef = 71A9872819C1E416008402FF /* ASIInputStream.m */; settings = {COMPILER_FLAGS = "-fno-objc-arc"; }; };
		71A9873619C1E416008402FF /* ASINetworkQueue.m in Sources */ = {isa = PBXBuildFile; fileRef = 71A9872A19C1E416008402FF /* ASINetworkQueue.m */; settings = {COMPILER_FLAGS = "-fno-objc-arc"; }; };
		71A9873719C1E416008402FF /* Reachability.m in Sources */ = {isa = PBXBuildFile; fileRef = 71A9872E19C1E416008402FF /* Reachability.m */; settings = {COMPILER_FLAGS = "-fno-objc-arc"; }; };
		71A9873919C1E43E008402FF /* libz.dylib in Frameworks */ = {isa = PBXBuildFile; fileRef = 71A9873819C1E43E008402FF /* libz.dylib */; };
		71A9873E19C1E8F4008402FF /* LoginController.m in Sources */ = {isa = PBXBuildFile; fileRef = 71A9873C19C1E8F4008402FF /* LoginController.m */; };
		71A9873F19C1E8F4008402FF /* LoginController.xib in Resources */ = {isa = PBXBuildFile; fileRef = 71A9873D19C1E8F4008402FF /* LoginController.xib */; };
		71AD9D0419C41DA900061009 /* MBProgressHUD.m in Sources */ = {isa = PBXBuildFile; fileRef = 71AD9D0319C41DA900061009 /* MBProgressHUD.m */; };
		71AD9D0F19C4377300061009 /* login_button_h.png in Resources */ = {isa = PBXBuildFile; fileRef = 71AD9D0619C4377300061009 /* login_button_h.png */; };
		71AD9D1019C4377300061009 /* login_button_n.png in Resources */ = {isa = PBXBuildFile; fileRef = 71AD9D0719C4377300061009 /* login_button_n.png */; };
		71AD9D1119C4377300061009 /* login_logo.png in Resources */ = {isa = PBXBuildFile; fileRef = 71AD9D0819C4377300061009 /* login_logo.png */; };
		71AD9D1219C4377300061009 /* login_mobile.png in Resources */ = {isa = PBXBuildFile; fileRef = 71AD9D0919C4377300061009 /* login_mobile.png */; };
		71AD9D1319C4377300061009 /* login_password.png in Resources */ = {isa = PBXBuildFile; fileRef = 71AD9D0A19C4377300061009 /* login_password.png */; };
		71AD9D1419C4377300061009 /* login_register_h.png in Resources */ = {isa = PBXBuildFile; fileRef = 71AD9D0B19C4377300061009 /* login_register_h.png */; };
		71AD9D1519C4377300061009 /* login_register_n.png in Resources */ = {isa = PBXBuildFile; fileRef = 71AD9D0C19C4377300061009 /* login_register_n.png */; };
		71AD9D1619C4377300061009 /* login_separateLine.png in Resources */ = {isa = PBXBuildFile; fileRef = 71AD9D0D19C4377300061009 /* login_separateLine.png */; };
		71AD9D1719C4377300061009 /* login_textField.png in Resources */ = {isa = PBXBuildFile; fileRef = 71AD9D0E19C4377300061009 /* login_textField.png */; };
		71AD9D1B19C43EFF00061009 /* UIView+Toast.m in Sources */ = {isa = PBXBuildFile; fileRef = 71AD9D1A19C43EFF00061009 /* UIView+Toast.m */; settings = {COMPILER_FLAGS = "-fno-objc-arc"; }; };
/* End PBXBuildFile section */

/* Begin PBXContainerItemProxy section */
		04FC3D12191F2CD100CB8F80 /* PBXContainerItemProxy */ = {
			isa = PBXContainerItemProxy;
			containerPortal = 04FC3CE4191F2CD000CB8F80 /* Project object */;
			proxyType = 1;
			remoteGlobalIDString = 04FC3CEB191F2CD000CB8F80;
			remoteInfo = GoldMine;
		};
/* End PBXContainerItemProxy section */

/* Begin PBXFileReference section */
		0318673119CD0CAE004C6DBD /* RegisterController.h */ = {isa = PBXFileReference; fileEncoding = 4; lastKnownFileType = sourcecode.c.h; path = RegisterController.h; sourceTree = "<group>"; };
		0318673219CD0CAE004C6DBD /* RegisterController.m */ = {isa = PBXFileReference; fileEncoding = 4; lastKnownFileType = sourcecode.c.objc; path = RegisterController.m; sourceTree = "<group>"; };
		0318673319CD0CAE004C6DBD /* RegisterController.xib */ = {isa = PBXFileReference; fileEncoding = 4; lastKnownFileType = file.xib; path = RegisterController.xib; sourceTree = "<group>"; };
		0318673619CD0FF0004C6DBD /* navi_back@2x.png */ = {isa = PBXFileReference; lastKnownFileType = image.png; path = "navi_back@2x.png"; sourceTree = "<group>"; };
		031B51EF19CF176200FEA536 /* IntegrationDetailController.h */ = {isa = PBXFileReference; fileEncoding = 4; lastKnownFileType = sourcecode.c.h; path = IntegrationDetailController.h; sourceTree = "<group>"; };
		031B51F019CF176200FEA536 /* IntegrationDetailController.m */ = {isa = PBXFileReference; fileEncoding = 4; lastKnownFileType = sourcecode.c.objc; path = IntegrationDetailController.m; sourceTree = "<group>"; };
		031B51F119CF176200FEA536 /* IntegrationDetailController.xib */ = {isa = PBXFileReference; fileEncoding = 4; lastKnownFileType = file.xib; path = IntegrationDetailController.xib; sourceTree = "<group>"; };
		031B51F419CF18CC00FEA536 /* IntegrationDetailCell.h */ = {isa = PBXFileReference; fileEncoding = 4; lastKnownFileType = sourcecode.c.h; path = IntegrationDetailCell.h; sourceTree = "<group>"; };
		031B51F519CF18CC00FEA536 /* IntegrationDetailCell.m */ = {isa = PBXFileReference; fileEncoding = 4; lastKnownFileType = sourcecode.c.objc; path = IntegrationDetailCell.m; sourceTree = "<group>"; };
		031B51F619CF18CC00FEA536 /* IntegrationDetailCell.xib */ = {isa = PBXFileReference; fileEncoding = 4; lastKnownFileType = file.xib; path = IntegrationDetailCell.xib; sourceTree = "<group>"; };
		031B544119D1AEC900FEA536 /* Default-568h@2x.png */ = {isa = PBXFileReference; lastKnownFileType = image.png; path = "Default-568h@2x.png"; sourceTree = "<group>"; };
		031B544219D1AEC900FEA536 /* Default@2x.png */ = {isa = PBXFileReference; lastKnownFileType = image.png; path = "Default@2x.png"; sourceTree = "<group>"; };
		031B544319D1AEC900FEA536 /* Icon120.png */ = {isa = PBXFileReference; lastKnownFileType = image.png; path = Icon120.png; sourceTree = "<group>"; };
		031B544719D1AF2400FEA536 /* logo_icon.png */ = {isa = PBXFileReference; lastKnownFileType = image.png; path = logo_icon.png; sourceTree = "<group>"; };
		033F737F19CD1D4D00F5DF52 /* Utils.h */ = {isa = PBXFileReference; fileEncoding = 4; lastKnownFileType = sourcecode.c.h; path = Utils.h; sourceTree = "<group>"; };
		033F738019CD1D4D00F5DF52 /* Utils.m */ = {isa = PBXFileReference; fileEncoding = 4; lastKnownFileType = sourcecode.c.objc; path = Utils.m; sourceTree = "<group>"; };
		033F738219CD1E3500F5DF52 /* register_verifyCode_h.png */ = {isa = PBXFileReference; lastKnownFileType = image.png; path = register_verifyCode_h.png; sourceTree = "<group>"; };
		033F738319CD1E3500F5DF52 /* register_verifyCode_n.png */ = {isa = PBXFileReference; lastKnownFileType = image.png; path = register_verifyCode_n.png; sourceTree = "<group>"; };
		033F738419CD1E3500F5DF52 /* register_verifyThumb.png */ = {isa = PBXFileReference; lastKnownFileType = image.png; path = register_verifyThumb.png; sourceTree = "<group>"; };
		033F738A19CD3A1E00F5DF52 /* ScanViewController.h */ = {isa = PBXFileReference; fileEncoding = 4; lastKnownFileType = sourcecode.c.h; path = ScanViewController.h; sourceTree = "<group>"; };
		033F738B19CD3A1E00F5DF52 /* ScanViewController.m */ = {isa = PBXFileReference; fileEncoding = 4; lastKnownFileType = sourcecode.c.objc; path = ScanViewController.m; sourceTree = "<group>"; };
		033F738C19CD3A1E00F5DF52 /* ScanViewController.xib */ = {isa = PBXFileReference; fileEncoding = 4; lastKnownFileType = file.xib; path = ScanViewController.xib; sourceTree = "<group>"; };
		033F738F19CD3BDA00F5DF52 /* InputBarcodeController.h */ = {isa = PBXFileReference; fileEncoding = 4; lastKnownFileType = sourcecode.c.h; path = InputBarcodeController.h; sourceTree = "<group>"; };
		033F739019CD3BDA00F5DF52 /* InputBarcodeController.m */ = {isa = PBXFileReference; fileEncoding = 4; lastKnownFileType = sourcecode.c.objc; path = InputBarcodeController.m; sourceTree = "<group>"; };
		033F739119CD3BDA00F5DF52 /* InputBarcodeController.xib */ = {isa = PBXFileReference; fileEncoding = 4; lastKnownFileType = file.xib; path = InputBarcodeController.xib; sourceTree = "<group>"; };
		033F739419CD3D7B00F5DF52 /* input_cancel_h.png */ = {isa = PBXFileReference; lastKnownFileType = image.png; path = input_cancel_h.png; sourceTree = "<group>"; };
		033F739519CD3D7B00F5DF52 /* input_cancel_n.png */ = {isa = PBXFileReference; lastKnownFileType = image.png; path = input_cancel_n.png; sourceTree = "<group>"; };
		033F739619CD3D7B00F5DF52 /* input_confirm_h.png */ = {isa = PBXFileReference; lastKnownFileType = image.png; path = input_confirm_h.png; sourceTree = "<group>"; };
		033F739719CD3D7B00F5DF52 /* input_confirm_n.png */ = {isa = PBXFileReference; lastKnownFileType = image.png; path = input_confirm_n.png; sourceTree = "<group>"; };
		033F739819CD3D7B00F5DF52 /* input_textField.png */ = {isa = PBXFileReference; lastKnownFileType = image.png; path = input_textField.png; sourceTree = "<group>"; };
		036163D219CE857200FDC231 /* WealthViewController.h */ = {isa = PBXFileReference; fileEncoding = 4; lastKnownFileType = sourcecode.c.h; path = WealthViewController.h; sourceTree = "<group>"; };
		036163D319CE857200FDC231 /* WealthViewController.m */ = {isa = PBXFileReference; fileEncoding = 4; lastKnownFileType = sourcecode.c.objc; path = WealthViewController.m; sourceTree = "<group>"; };
		036163D419CE857200FDC231 /* WealthViewController.xib */ = {isa = PBXFileReference; fileEncoding = 4; lastKnownFileType = file.xib; path = WealthViewController.xib; sourceTree = "<group>"; };
		036163D719CE890D00FDC231 /* WealthCell.h */ = {isa = PBXFileReference; fileEncoding = 4; lastKnownFileType = sourcecode.c.h; path = WealthCell.h; sourceTree = "<group>"; };
		036163D819CE890D00FDC231 /* WealthCell.m */ = {isa = PBXFileReference; fileEncoding = 4; lastKnownFileType = sourcecode.c.objc; path = WealthCell.m; sourceTree = "<group>"; };
		036163D919CE890D00FDC231 /* WealthCell.xib */ = {isa = PBXFileReference; fileEncoding = 4; lastKnownFileType = file.xib; path = WealthCell.xib; sourceTree = "<group>"; };
		036163DD19CE8ED100FDC231 /* wealthCell_arrow.png */ = {isa = PBXFileReference; lastKnownFileType = image.png; path = wealthCell_arrow.png; sourceTree = "<group>"; };
		036163DE19CE8ED100FDC231 /* wealthCell_integeration.png */ = {isa = PBXFileReference; lastKnownFileType = image.png; path = wealthCell_integeration.png; sourceTree = "<group>"; };
		036163E119CE956B00FDC231 /* RankCell.h */ = {isa = PBXFileReference; fileEncoding = 4; lastKnownFileType = sourcecode.c.h; path = RankCell.h; sourceTree = "<group>"; };
		036163E219CE956B00FDC231 /* RankCell.m */ = {isa = PBXFileReference; fileEncoding = 4; lastKnownFileType = sourcecode.c.objc; path = RankCell.m; sourceTree = "<group>"; };
		036163E319CE956B00FDC231 /* RankCell.xib */ = {isa = PBXFileReference; fileEncoding = 4; lastKnownFileType = file.xib; path = RankCell.xib; sourceTree = "<group>"; };
		036163E619CE95A900FDC231 /* RankViewController.h */ = {isa = PBXFileReference; fileEncoding = 4; lastKnownFileType = sourcecode.c.h; path = RankViewController.h; sourceTree = "<group>"; };
		036163E719CE95A900FDC231 /* RankViewController.m */ = {isa = PBXFileReference; fileEncoding = 4; lastKnownFileType = sourcecode.c.objc; path = RankViewController.m; sourceTree = "<group>"; };
		036163E819CE95A900FDC231 /* RankViewController.xib */ = {isa = PBXFileReference; fileEncoding = 4; lastKnownFileType = file.xib; path = RankViewController.xib; sourceTree = "<group>"; };
		036163EB19CEBEC100FDC231 /* rankCell_one.png */ = {isa = PBXFileReference; lastKnownFileType = image.png; path = rankCell_one.png; sourceTree = "<group>"; };
		036163EC19CEBEC100FDC231 /* rankCell_three.png */ = {isa = PBXFileReference; lastKnownFileType = image.png; path = rankCell_three.png; sourceTree = "<group>"; };
		036163ED19CEBEC100FDC231 /* rankCell_two.png */ = {isa = PBXFileReference; lastKnownFileType = image.png; path = rankCell_two.png; sourceTree = "<group>"; };
		036163F119CEC08500FDC231 /* rankCell_round.png */ = {isa = PBXFileReference; lastKnownFileType = image.png; path = rankCell_round.png; sourceTree = "<group>"; };
		04806AEE19C6B29100772BEF /* TaskTableViewCell.h */ = {isa = PBXFileReference; fileEncoding = 4; lastKnownFileType = sourcecode.c.h; path = TaskTableViewCell.h; sourceTree = "<group>"; };
		04806AEF19C6B29100772BEF /* TaskTableViewCell.m */ = {isa = PBXFileReference; fileEncoding = 4; lastKnownFileType = sourcecode.c.objc; path = TaskTableViewCell.m; sourceTree = "<group>"; };
		04806AF119C6B7A400772BEF /* task_tel_down@2x.png */ = {isa = PBXFileReference; lastKnownFileType = image.png; path = "task_tel_down@2x.png"; sourceTree = "<group>"; };
		04806AF219C6B7A400772BEF /* task_tel@2x.png */ = {isa = PBXFileReference; lastKnownFileType = image.png; path = "task_tel@2x.png"; sourceTree = "<group>"; };
		04806AF319C6B7A400772BEF /* task_vip_down@2x.png */ = {isa = PBXFileReference; lastKnownFileType = image.png; path = "task_vip_down@2x.png"; sourceTree = "<group>"; };
		04806AF419C6B7A400772BEF /* task_vip@2x.png */ = {isa = PBXFileReference; lastKnownFileType = image.png; path = "task_vip@2x.png"; sourceTree = "<group>"; };
		04806AF919C6BAD200772BEF /* TaskHeadView.h */ = {isa = PBXFileReference; fileEncoding = 4; lastKnownFileType = sourcecode.c.h; path = TaskHeadView.h; sourceTree = "<group>"; };
		04806AFA19C6BAD200772BEF /* TaskHeadView.m */ = {isa = PBXFileReference; fileEncoding = 4; lastKnownFileType = sourcecode.c.objc; path = TaskHeadView.m; sourceTree = "<group>"; };
		04B36410192071E7001FD570 /* SmallGoldMineCell.h */ = {isa = PBXFileReference; fileEncoding = 4; lastKnownFileType = sourcecode.c.h; path = SmallGoldMineCell.h; sourceTree = "<group>"; };
		04B36411192071E7001FD570 /* SmallGoldMineCell.m */ = {isa = PBXFileReference; fileEncoding = 4; lastKnownFileType = sourcecode.c.objc; path = SmallGoldMineCell.m; sourceTree = "<group>"; };
		04B36412192071E7001FD570 /* SmallGoldMineViewController.h */ = {isa = PBXFileReference; fileEncoding = 4; lastKnownFileType = sourcecode.c.h; path = SmallGoldMineViewController.h; sourceTree = "<group>"; };
		04B36413192071E7001FD570 /* SmallGoldMineViewController.m */ = {isa = PBXFileReference; fileEncoding = 4; lastKnownFileType = sourcecode.c.objc; path = SmallGoldMineViewController.m; sourceTree = "<group>"; };
		04B5FDCB19C6829B00102BC1 /* MKAnnotationView+WebCache.h */ = {isa = PBXFileReference; fileEncoding = 4; lastKnownFileType = sourcecode.c.h; path = "MKAnnotationView+WebCache.h"; sourceTree = "<group>"; };
		04B5FDCC19C6829B00102BC1 /* MKAnnotationView+WebCache.m */ = {isa = PBXFileReference; fileEncoding = 4; lastKnownFileType = sourcecode.c.objc; path = "MKAnnotationView+WebCache.m"; sourceTree = "<group>"; };
		04B5FDCD19C6829B00102BC1 /* NSData+ImageContentType.h */ = {isa = PBXFileReference; fileEncoding = 4; lastKnownFileType = sourcecode.c.h; path = "NSData+ImageContentType.h"; sourceTree = "<group>"; };
		04B5FDCE19C6829B00102BC1 /* NSData+ImageContentType.m */ = {isa = PBXFileReference; fileEncoding = 4; lastKnownFileType = sourcecode.c.objc; path = "NSData+ImageContentType.m"; sourceTree = "<group>"; };
		04B5FDCF19C6829B00102BC1 /* SDImageCache.h */ = {isa = PBXFileReference; fileEncoding = 4; lastKnownFileType = sourcecode.c.h; path = SDImageCache.h; sourceTree = "<group>"; };
		04B5FDD019C6829B00102BC1 /* SDImageCache.m */ = {isa = PBXFileReference; fileEncoding = 4; lastKnownFileType = sourcecode.c.objc; path = SDImageCache.m; sourceTree = "<group>"; };
		04B5FDD119C6829B00102BC1 /* SDImageCacheDelegate.h */ = {isa = PBXFileReference; fileEncoding = 4; lastKnownFileType = sourcecode.c.h; path = SDImageCacheDelegate.h; sourceTree = "<group>"; };
		04B5FDD219C6829B00102BC1 /* SDWebImageCompat.h */ = {isa = PBXFileReference; fileEncoding = 4; lastKnownFileType = sourcecode.c.h; path = SDWebImageCompat.h; sourceTree = "<group>"; };
		04B5FDD319C6829B00102BC1 /* SDWebImageCompat.m */ = {isa = PBXFileReference; fileEncoding = 4; lastKnownFileType = sourcecode.c.objc; path = SDWebImageCompat.m; sourceTree = "<group>"; };
		04B5FDD419C6829B00102BC1 /* SDWebImageDecoder.h */ = {isa = PBXFileReference; fileEncoding = 4; lastKnownFileType = sourcecode.c.h; path = SDWebImageDecoder.h; sourceTree = "<group>"; };
		04B5FDD519C6829B00102BC1 /* SDWebImageDecoder.m */ = {isa = PBXFileReference; fileEncoding = 4; lastKnownFileType = sourcecode.c.objc; path = SDWebImageDecoder.m; sourceTree = "<group>"; };
		04B5FDD619C6829B00102BC1 /* SDWebImageDownloader.h */ = {isa = PBXFileReference; fileEncoding = 4; lastKnownFileType = sourcecode.c.h; path = SDWebImageDownloader.h; sourceTree = "<group>"; };
		04B5FDD719C6829B00102BC1 /* SDWebImageDownloader.m */ = {isa = PBXFileReference; fileEncoding = 4; lastKnownFileType = sourcecode.c.objc; path = SDWebImageDownloader.m; sourceTree = "<group>"; };
		04B5FDD819C6829B00102BC1 /* SDWebImageDownloaderDelegate.h */ = {isa = PBXFileReference; fileEncoding = 4; lastKnownFileType = sourcecode.c.h; path = SDWebImageDownloaderDelegate.h; sourceTree = "<group>"; };
		04B5FDD919C6829B00102BC1 /* SDWebImageDownloaderOperation.h */ = {isa = PBXFileReference; fileEncoding = 4; lastKnownFileType = sourcecode.c.h; path = SDWebImageDownloaderOperation.h; sourceTree = "<group>"; };
		04B5FDDA19C6829B00102BC1 /* SDWebImageDownloaderOperation.m */ = {isa = PBXFileReference; fileEncoding = 4; lastKnownFileType = sourcecode.c.objc; path = SDWebImageDownloaderOperation.m; sourceTree = "<group>"; };
		04B5FDDB19C6829B00102BC1 /* SDWebImageManager.h */ = {isa = PBXFileReference; fileEncoding = 4; lastKnownFileType = sourcecode.c.h; path = SDWebImageManager.h; sourceTree = "<group>"; };
		04B5FDDC19C6829B00102BC1 /* SDWebImageManager.m */ = {isa = PBXFileReference; fileEncoding = 4; lastKnownFileType = sourcecode.c.objc; path = SDWebImageManager.m; sourceTree = "<group>"; };
		04B5FDDD19C6829B00102BC1 /* SDWebImageManagerDelegate.h */ = {isa = PBXFileReference; fileEncoding = 4; lastKnownFileType = sourcecode.c.h; path = SDWebImageManagerDelegate.h; sourceTree = "<group>"; };
		04B5FDDE19C6829B00102BC1 /* SDWebImageOperation.h */ = {isa = PBXFileReference; fileEncoding = 4; lastKnownFileType = sourcecode.c.h; path = SDWebImageOperation.h; sourceTree = "<group>"; };
		04B5FDDF19C6829B00102BC1 /* SDWebImagePrefetcher.h */ = {isa = PBXFileReference; fileEncoding = 4; lastKnownFileType = sourcecode.c.h; path = SDWebImagePrefetcher.h; sourceTree = "<group>"; };
		04B5FDE019C6829B00102BC1 /* SDWebImagePrefetcher.m */ = {isa = PBXFileReference; fileEncoding = 4; lastKnownFileType = sourcecode.c.objc; path = SDWebImagePrefetcher.m; sourceTree = "<group>"; };
		04B5FDE119C6829B00102BC1 /* UIButton+WebCache.h */ = {isa = PBXFileReference; fileEncoding = 4; lastKnownFileType = sourcecode.c.h; path = "UIButton+WebCache.h"; sourceTree = "<group>"; };
		04B5FDE219C6829B00102BC1 /* UIButton+WebCache.m */ = {isa = PBXFileReference; fileEncoding = 4; lastKnownFileType = sourcecode.c.objc; path = "UIButton+WebCache.m"; sourceTree = "<group>"; };
		04B5FDE319C6829B00102BC1 /* UIImage+GIF.h */ = {isa = PBXFileReference; fileEncoding = 4; lastKnownFileType = sourcecode.c.h; path = "UIImage+GIF.h"; sourceTree = "<group>"; };
		04B5FDE419C6829B00102BC1 /* UIImage+GIF.m */ = {isa = PBXFileReference; fileEncoding = 4; lastKnownFileType = sourcecode.c.objc; path = "UIImage+GIF.m"; sourceTree = "<group>"; };
		04B5FDE519C6829B00102BC1 /* UIImage+MultiFormat.h */ = {isa = PBXFileReference; fileEncoding = 4; lastKnownFileType = sourcecode.c.h; path = "UIImage+MultiFormat.h"; sourceTree = "<group>"; };
		04B5FDE619C6829B00102BC1 /* UIImage+MultiFormat.m */ = {isa = PBXFileReference; fileEncoding = 4; lastKnownFileType = sourcecode.c.objc; path = "UIImage+MultiFormat.m"; sourceTree = "<group>"; };
		04B5FDE719C6829B00102BC1 /* UIImage+WebP.h */ = {isa = PBXFileReference; fileEncoding = 4; lastKnownFileType = sourcecode.c.h; path = "UIImage+WebP.h"; sourceTree = "<group>"; };
		04B5FDE819C6829B00102BC1 /* UIImage+WebP.m */ = {isa = PBXFileReference; fileEncoding = 4; lastKnownFileType = sourcecode.c.objc; path = "UIImage+WebP.m"; sourceTree = "<group>"; };
		04B5FDE919C6829B00102BC1 /* UIImageView+WebCache.h */ = {isa = PBXFileReference; fileEncoding = 4; lastKnownFileType = sourcecode.c.h; path = "UIImageView+WebCache.h"; sourceTree = "<group>"; };
		04B5FDEA19C6829B00102BC1 /* UIImageView+WebCache.m */ = {isa = PBXFileReference; fileEncoding = 4; lastKnownFileType = sourcecode.c.objc; path = "UIImageView+WebCache.m"; sourceTree = "<group>"; };
		04FC3CEC191F2CD000CB8F80 /* GoldMine.app */ = {isa = PBXFileReference; explicitFileType = wrapper.application; includeInIndex = 0; path = GoldMine.app; sourceTree = BUILT_PRODUCTS_DIR; };
		04FC3CEF191F2CD000CB8F80 /* Foundation.framework */ = {isa = PBXFileReference; lastKnownFileType = wrapper.framework; name = Foundation.framework; path = System/Library/Frameworks/Foundation.framework; sourceTree = SDKROOT; };
		04FC3CF1191F2CD000CB8F80 /* CoreGraphics.framework */ = {isa = PBXFileReference; lastKnownFileType = wrapper.framework; name = CoreGraphics.framework; path = System/Library/Frameworks/CoreGraphics.framework; sourceTree = SDKROOT; };
		04FC3CF3191F2CD000CB8F80 /* UIKit.framework */ = {isa = PBXFileReference; lastKnownFileType = wrapper.framework; name = UIKit.framework; path = System/Library/Frameworks/UIKit.framework; sourceTree = SDKROOT; };
		04FC3CF7191F2CD000CB8F80 /* GoldMine-Info.plist */ = {isa = PBXFileReference; lastKnownFileType = text.plist.xml; path = "GoldMine-Info.plist"; sourceTree = "<group>"; };
		04FC3CF9191F2CD000CB8F80 /* en */ = {isa = PBXFileReference; lastKnownFileType = text.plist.strings; name = en; path = en.lproj/InfoPlist.strings; sourceTree = "<group>"; };
		04FC3CFB191F2CD000CB8F80 /* main.m */ = {isa = PBXFileReference; lastKnownFileType = sourcecode.c.objc; path = main.m; sourceTree = "<group>"; };
		04FC3CFD191F2CD000CB8F80 /* GoldMine-Prefix.pch */ = {isa = PBXFileReference; lastKnownFileType = sourcecode.c.h; path = "GoldMine-Prefix.pch"; sourceTree = "<group>"; };
		04FC3CFE191F2CD000CB8F80 /* AppDelegate.h */ = {isa = PBXFileReference; lastKnownFileType = sourcecode.c.h; path = AppDelegate.h; sourceTree = "<group>"; };
		04FC3CFF191F2CD000CB8F80 /* AppDelegate.m */ = {isa = PBXFileReference; lastKnownFileType = sourcecode.c.objc; path = AppDelegate.m; sourceTree = "<group>"; };
		04FC3D02191F2CD000CB8F80 /* Base */ = {isa = PBXFileReference; lastKnownFileType = file.storyboard; name = Base; path = Base.lproj/Main.storyboard; sourceTree = "<group>"; };
		04FC3D04191F2CD000CB8F80 /* ViewController.h */ = {isa = PBXFileReference; lastKnownFileType = sourcecode.c.h; path = ViewController.h; sourceTree = "<group>"; };
		04FC3D05191F2CD000CB8F80 /* ViewController.m */ = {isa = PBXFileReference; lastKnownFileType = sourcecode.c.objc; path = ViewController.m; sourceTree = "<group>"; };
		04FC3D07191F2CD000CB8F80 /* Images.xcassets */ = {isa = PBXFileReference; lastKnownFileType = folder.assetcatalog; path = Images.xcassets; sourceTree = "<group>"; };
		04FC3D0D191F2CD100CB8F80 /* GoldMineTests.xctest */ = {isa = PBXFileReference; explicitFileType = wrapper.cfbundle; includeInIndex = 0; path = GoldMineTests.xctest; sourceTree = BUILT_PRODUCTS_DIR; };
		04FC3D0E191F2CD100CB8F80 /* XCTest.framework */ = {isa = PBXFileReference; lastKnownFileType = wrapper.framework; name = XCTest.framework; path = Library/Frameworks/XCTest.framework; sourceTree = DEVELOPER_DIR; };
		04FC3D16191F2CD100CB8F80 /* GoldMineTests-Info.plist */ = {isa = PBXFileReference; lastKnownFileType = text.plist.xml; path = "GoldMineTests-Info.plist"; sourceTree = "<group>"; };
		04FC3D18191F2CD100CB8F80 /* en */ = {isa = PBXFileReference; lastKnownFileType = text.plist.strings; name = en; path = en.lproj/InfoPlist.strings; sourceTree = "<group>"; };
		04FC3D1A191F2CD100CB8F80 /* GoldMineTests.m */ = {isa = PBXFileReference; lastKnownFileType = sourcecode.c.objc; path = GoldMineTests.m; sourceTree = "<group>"; };
		04FC3D25191F2D0300CB8F80 /* DrawerLeftTableViewCell.h */ = {isa = PBXFileReference; fileEncoding = 4; lastKnownFileType = sourcecode.c.h; path = DrawerLeftTableViewCell.h; sourceTree = "<group>"; };
		04FC3D26191F2D0300CB8F80 /* DrawerLeftTableViewCell.m */ = {isa = PBXFileReference; fileEncoding = 4; lastKnownFileType = sourcecode.c.objc; path = DrawerLeftTableViewCell.m; sourceTree = "<group>"; };
		04FC3D27191F2D0300CB8F80 /* MenuTopPhotoView.h */ = {isa = PBXFileReference; fileEncoding = 4; lastKnownFileType = sourcecode.c.h; path = MenuTopPhotoView.h; sourceTree = "<group>"; };
		04FC3D28191F2D0300CB8F80 /* MenuTopPhotoView.m */ = {isa = PBXFileReference; fileEncoding = 4; lastKnownFileType = sourcecode.c.objc; path = MenuTopPhotoView.m; sourceTree = "<group>"; };
		04FC3D29191F2D0300CB8F80 /* MMDrawerBarButtonItem.h */ = {isa = PBXFileReference; fileEncoding = 4; lastKnownFileType = sourcecode.c.h; path = MMDrawerBarButtonItem.h; sourceTree = "<group>"; };
		04FC3D2A191F2D0300CB8F80 /* MMDrawerBarButtonItem.m */ = {isa = PBXFileReference; fileEncoding = 4; lastKnownFileType = sourcecode.c.objc; path = MMDrawerBarButtonItem.m; sourceTree = "<group>"; };
		04FC3D2B191F2D0300CB8F80 /* MMDrawerController.h */ = {isa = PBXFileReference; fileEncoding = 4; lastKnownFileType = sourcecode.c.h; path = MMDrawerController.h; sourceTree = "<group>"; };
		04FC3D2C191F2D0300CB8F80 /* MMDrawerController.m */ = {isa = PBXFileReference; fileEncoding = 4; lastKnownFileType = sourcecode.c.objc; path = MMDrawerController.m; sourceTree = "<group>"; };
		04FC3D2D191F2D0300CB8F80 /* MMDrawerVisualState.h */ = {isa = PBXFileReference; fileEncoding = 4; lastKnownFileType = sourcecode.c.h; path = MMDrawerVisualState.h; sourceTree = "<group>"; };
		04FC3D2E191F2D0300CB8F80 /* MMDrawerVisualState.m */ = {isa = PBXFileReference; fileEncoding = 4; lastKnownFileType = sourcecode.c.objc; path = MMDrawerVisualState.m; sourceTree = "<group>"; };
		04FC3D2F191F2D0300CB8F80 /* SmallGoldMineDrawerVisualStateManager.h */ = {isa = PBXFileReference; fileEncoding = 4; lastKnownFileType = sourcecode.c.h; path = SmallGoldMineDrawerVisualStateManager.h; sourceTree = "<group>"; };
		04FC3D30191F2D0300CB8F80 /* SmallGoldMineDrawerVisualStateManager.m */ = {isa = PBXFileReference; fileEncoding = 4; lastKnownFileType = sourcecode.c.objc; path = SmallGoldMineDrawerVisualStateManager.m; sourceTree = "<group>"; };
		04FC3D31191F2D0300CB8F80 /* SmallGoldMineSideDrawerViewController.h */ = {isa = PBXFileReference; fileEncoding = 4; lastKnownFileType = sourcecode.c.h; path = SmallGoldMineSideDrawerViewController.h; sourceTree = "<group>"; };
		04FC3D32191F2D0300CB8F80 /* SmallGoldMineSideDrawerViewController.m */ = {isa = PBXFileReference; fileEncoding = 4; lastKnownFileType = sourcecode.c.objc; path = SmallGoldMineSideDrawerViewController.m; sourceTree = "<group>"; };
		04FC3D33191F2D0300CB8F80 /* UIViewController+MMDrawerController.h */ = {isa = PBXFileReference; fileEncoding = 4; lastKnownFileType = sourcecode.c.h; path = "UIViewController+MMDrawerController.h"; sourceTree = "<group>"; };
		04FC3D34191F2D0300CB8F80 /* UIViewController+MMDrawerController.m */ = {isa = PBXFileReference; fileEncoding = 4; lastKnownFileType = sourcecode.c.objc; path = "UIViewController+MMDrawerController.m"; sourceTree = "<group>"; };
		04FC3D3F191F4FD200CB8F80 /* cell_seperate_line@2x.png */ = {isa = PBXFileReference; lastKnownFileType = image.png; path = "cell_seperate_line@2x.png"; sourceTree = "<group>"; };
		04FC3D40191F4FD200CB8F80 /* credit@2x.png */ = {isa = PBXFileReference; lastKnownFileType = image.png; path = "credit@2x.png"; sourceTree = "<group>"; };
		04FC3D41191F4FD200CB8F80 /* credit_git@2x.png */ = {isa = PBXFileReference; lastKnownFileType = image.png; path = "credit_git@2x.png"; sourceTree = "<group>"; };
		04FC3D42191F4FD200CB8F80 /* guys@2x.png */ = {isa = PBXFileReference; lastKnownFileType = image.png; path = "guys@2x.png"; sourceTree = "<group>"; };
		04FC3D43191F4FD200CB8F80 /* hot_product@2x.png */ = {isa = PBXFileReference; lastKnownFileType = image.png; path = "hot_product@2x.png"; sourceTree = "<group>"; };
		04FC3D44191F4FD200CB8F80 /* more@2x.png */ = {isa = PBXFileReference; lastKnownFileType = image.png; path = "more@2x.png"; sourceTree = "<group>"; };
		04FC3D45191F4FD200CB8F80 /* portrait_bg@2x.png */ = {isa = PBXFileReference; lastKnownFileType = image.png; path = "portrait_bg@2x.png"; sourceTree = "<group>"; };
		04FC3D46191F4FD200CB8F80 /* rank@2x.png */ = {isa = PBXFileReference; lastKnownFileType = image.png; path = "rank@2x.png"; sourceTree = "<group>"; };
		04FC3D47191F4FD200CB8F80 /* setting@2x.png */ = {isa = PBXFileReference; lastKnownFileType = image.png; path = "setting@2x.png"; sourceTree = "<group>"; };
		04FC3D48191F4FD200CB8F80 /* task_release@2x.png */ = {isa = PBXFileReference; lastKnownFileType = image.png; path = "task_release@2x.png"; sourceTree = "<group>"; };
		04FC3D49191F4FD200CB8F80 /* vip_phonebook@2x.png */ = {isa = PBXFileReference; lastKnownFileType = image.png; path = "vip_phonebook@2x.png"; sourceTree = "<group>"; };
		04FC3D4A191F4FD200CB8F80 /* wealth@2x.png */ = {isa = PBXFileReference; lastKnownFileType = image.png; path = "wealth@2x.png"; sourceTree = "<group>"; };
		04FC3D4B191F4FD200CB8F80 /* wealth_bg@2x.png */ = {isa = PBXFileReference; lastKnownFileType = image.png; path = "wealth_bg@2x.png"; sourceTree = "<group>"; };
		04FC3D60191F755900CB8F80 /* SuperViewController.h */ = {isa = PBXFileReference; fileEncoding = 4; lastKnownFileType = sourcecode.c.h; path = SuperViewController.h; sourceTree = "<group>"; };
		04FC3D61191F755900CB8F80 /* SuperViewController.m */ = {isa = PBXFileReference; fileEncoding = 4; lastKnownFileType = sourcecode.c.objc; path = SuperViewController.m; sourceTree = "<group>"; };
		04FC3D64191F88AD00CB8F80 /* add_ brand@2x.png */ = {isa = PBXFileReference; lastKnownFileType = image.png; path = "add_ brand@2x.png"; sourceTree = "<group>"; };
		04FC3D65191F88AD00CB8F80 /* banner@2x.png */ = {isa = PBXFileReference; lastKnownFileType = image.png; path = "banner@2x.png"; sourceTree = "<group>"; };
		04FC3D66191F88AD00CB8F80 /* personal@2x.png */ = {isa = PBXFileReference; lastKnownFileType = image.png; path = "personal@2x.png"; sourceTree = "<group>"; };
		04FC3D67191F88AD00CB8F80 /* scan@2x.png */ = {isa = PBXFileReference; lastKnownFileType = image.png; path = "scan@2x.png"; sourceTree = "<group>"; };
		04FC3D6E191F98E700CB8F80 /* CustomSegmentedControl.h */ = {isa = PBXFileReference; fileEncoding = 4; lastKnownFileType = sourcecode.c.h; path = CustomSegmentedControl.h; sourceTree = "<group>"; };
		04FC3D6F191F98E700CB8F80 /* CustomSegmentedControl.m */ = {isa = PBXFileReference; fileEncoding = 4; lastKnownFileType = sourcecode.c.objc; path = CustomSegmentedControl.m; sourceTree = "<group>"; };
		04FC3D74191FA99400CB8F80 /* vsquare_good@2x.png */ = {isa = PBXFileReference; lastKnownFileType = image.png; path = "vsquare_good@2x.png"; sourceTree = "<group>"; };
		71A9871119C1E2DC008402FF /* XMLParser.h */ = {isa = PBXFileReference; fileEncoding = 4; lastKnownFileType = sourcecode.c.h; path = XMLParser.h; sourceTree = "<group>"; };
		71A9871219C1E2DC008402FF /* XMLParser.m */ = {isa = PBXFileReference; fileEncoding = 4; lastKnownFileType = sourcecode.c.objc; path = XMLParser.m; sourceTree = "<group>"; };
		71A9871419C1E3BA008402FF /* SoapRequest.h */ = {isa = PBXFileReference; fileEncoding = 4; lastKnownFileType = sourcecode.c.h; path = SoapRequest.h; sourceTree = "<group>"; };
		71A9871519C1E3BA008402FF /* SoapRequest.m */ = {isa = PBXFileReference; fileEncoding = 4; lastKnownFileType = sourcecode.c.objc; path = SoapRequest.m; sourceTree = "<group>"; };
		71A9871819C1E416008402FF /* ASIAuthenticationDialog.h */ = {isa = PBXFileReference; fileEncoding = 4; lastKnownFileType = sourcecode.c.h; path = ASIAuthenticationDialog.h; sourceTree = "<group>"; };
		71A9871919C1E416008402FF /* ASIAuthenticationDialog.m */ = {isa = PBXFileReference; fileEncoding = 4; lastKnownFileType = sourcecode.c.objc; path = ASIAuthenticationDialog.m; sourceTree = "<group>"; };
		71A9871A19C1E416008402FF /* ASICacheDelegate.h */ = {isa = PBXFileReference; fileEncoding = 4; lastKnownFileType = sourcecode.c.h; path = ASICacheDelegate.h; sourceTree = "<group>"; };
		71A9871B19C1E416008402FF /* ASIDataCompressor.h */ = {isa = PBXFileReference; fileEncoding = 4; lastKnownFileType = sourcecode.c.h; path = ASIDataCompressor.h; sourceTree = "<group>"; };
		71A9871C19C1E416008402FF /* ASIDataCompressor.m */ = {isa = PBXFileReference; fileEncoding = 4; lastKnownFileType = sourcecode.c.objc; path = ASIDataCompressor.m; sourceTree = "<group>"; };
		71A9871D19C1E416008402FF /* ASIDataDecompressor.h */ = {isa = PBXFileReference; fileEncoding = 4; lastKnownFileType = sourcecode.c.h; path = ASIDataDecompressor.h; sourceTree = "<group>"; };
		71A9871E19C1E416008402FF /* ASIDataDecompressor.m */ = {isa = PBXFileReference; fileEncoding = 4; lastKnownFileType = sourcecode.c.objc; path = ASIDataDecompressor.m; sourceTree = "<group>"; };
		71A9871F19C1E416008402FF /* ASIDownloadCache.h */ = {isa = PBXFileReference; fileEncoding = 4; lastKnownFileType = sourcecode.c.h; path = ASIDownloadCache.h; sourceTree = "<group>"; };
		71A9872019C1E416008402FF /* ASIDownloadCache.m */ = {isa = PBXFileReference; fileEncoding = 4; lastKnownFileType = sourcecode.c.objc; path = ASIDownloadCache.m; sourceTree = "<group>"; };
		71A9872119C1E416008402FF /* ASIFormDataRequest.h */ = {isa = PBXFileReference; fileEncoding = 4; lastKnownFileType = sourcecode.c.h; path = ASIFormDataRequest.h; sourceTree = "<group>"; };
		71A9872219C1E416008402FF /* ASIFormDataRequest.m */ = {isa = PBXFileReference; fileEncoding = 4; lastKnownFileType = sourcecode.c.objc; path = ASIFormDataRequest.m; sourceTree = "<group>"; };
		71A9872319C1E416008402FF /* ASIHTTPRequest.h */ = {isa = PBXFileReference; fileEncoding = 4; lastKnownFileType = sourcecode.c.h; path = ASIHTTPRequest.h; sourceTree = "<group>"; };
		71A9872419C1E416008402FF /* ASIHTTPRequest.m */ = {isa = PBXFileReference; fileEncoding = 4; lastKnownFileType = sourcecode.c.objc; path = ASIHTTPRequest.m; sourceTree = "<group>"; };
		71A9872519C1E416008402FF /* ASIHTTPRequestConfig.h */ = {isa = PBXFileReference; fileEncoding = 4; lastKnownFileType = sourcecode.c.h; path = ASIHTTPRequestConfig.h; sourceTree = "<group>"; };
		71A9872619C1E416008402FF /* ASIHTTPRequestDelegate.h */ = {isa = PBXFileReference; fileEncoding = 4; lastKnownFileType = sourcecode.c.h; path = ASIHTTPRequestDelegate.h; sourceTree = "<group>"; };
		71A9872719C1E416008402FF /* ASIInputStream.h */ = {isa = PBXFileReference; fileEncoding = 4; lastKnownFileType = sourcecode.c.h; path = ASIInputStream.h; sourceTree = "<group>"; };
		71A9872819C1E416008402FF /* ASIInputStream.m */ = {isa = PBXFileReference; fileEncoding = 4; lastKnownFileType = sourcecode.c.objc; path = ASIInputStream.m; sourceTree = "<group>"; };
		71A9872919C1E416008402FF /* ASINetworkQueue.h */ = {isa = PBXFileReference; fileEncoding = 4; lastKnownFileType = sourcecode.c.h; path = ASINetworkQueue.h; sourceTree = "<group>"; };
		71A9872A19C1E416008402FF /* ASINetworkQueue.m */ = {isa = PBXFileReference; fileEncoding = 4; lastKnownFileType = sourcecode.c.objc; path = ASINetworkQueue.m; sourceTree = "<group>"; };
		71A9872B19C1E416008402FF /* ASIProgressDelegate.h */ = {isa = PBXFileReference; fileEncoding = 4; lastKnownFileType = sourcecode.c.h; path = ASIProgressDelegate.h; sourceTree = "<group>"; };
		71A9872D19C1E416008402FF /* Reachability.h */ = {isa = PBXFileReference; fileEncoding = 4; lastKnownFileType = sourcecode.c.h; path = Reachability.h; sourceTree = "<group>"; };
		71A9872E19C1E416008402FF /* Reachability.m */ = {isa = PBXFileReference; fileEncoding = 4; lastKnownFileType = sourcecode.c.objc; path = Reachability.m; sourceTree = "<group>"; };
		71A9873819C1E43E008402FF /* libz.dylib */ = {isa = PBXFileReference; lastKnownFileType = "compiled.mach-o.dylib"; name = libz.dylib; path = usr/lib/libz.dylib; sourceTree = SDKROOT; };
		71A9873B19C1E8F4008402FF /* LoginController.h */ = {isa = PBXFileReference; fileEncoding = 4; lastKnownFileType = sourcecode.c.h; path = LoginController.h; sourceTree = "<group>"; };
		71A9873C19C1E8F4008402FF /* LoginController.m */ = {isa = PBXFileReference; fileEncoding = 4; lastKnownFileType = sourcecode.c.objc; path = LoginController.m; sourceTree = "<group>"; };
		71A9873D19C1E8F4008402FF /* LoginController.xib */ = {isa = PBXFileReference; fileEncoding = 4; lastKnownFileType = file.xib; path = LoginController.xib; sourceTree = "<group>"; };
		71AD9D0219C41DA900061009 /* MBProgressHUD.h */ = {isa = PBXFileReference; fileEncoding = 4; lastKnownFileType = sourcecode.c.h; path = MBProgressHUD.h; sourceTree = "<group>"; };
		71AD9D0319C41DA900061009 /* MBProgressHUD.m */ = {isa = PBXFileReference; fileEncoding = 4; lastKnownFileType = sourcecode.c.objc; path = MBProgressHUD.m; sourceTree = "<group>"; };
		71AD9D0619C4377300061009 /* login_button_h.png */ = {isa = PBXFileReference; lastKnownFileType = image.png; path = login_button_h.png; sourceTree = "<group>"; };
		71AD9D0719C4377300061009 /* login_button_n.png */ = {isa = PBXFileReference; lastKnownFileType = image.png; path = login_button_n.png; sourceTree = "<group>"; };
		71AD9D0819C4377300061009 /* login_logo.png */ = {isa = PBXFileReference; lastKnownFileType = image.png; path = login_logo.png; sourceTree = "<group>"; };
		71AD9D0919C4377300061009 /* login_mobile.png */ = {isa = PBXFileReference; lastKnownFileType = image.png; path = login_mobile.png; sourceTree = "<group>"; };
		71AD9D0A19C4377300061009 /* login_password.png */ = {isa = PBXFileReference; lastKnownFileType = image.png; path = login_password.png; sourceTree = "<group>"; };
		71AD9D0B19C4377300061009 /* login_register_h.png */ = {isa = PBXFileReference; lastKnownFileType = image.png; path = login_register_h.png; sourceTree = "<group>"; };
		71AD9D0C19C4377300061009 /* login_register_n.png */ = {isa = PBXFileReference; lastKnownFileType = image.png; path = login_register_n.png; sourceTree = "<group>"; };
		71AD9D0D19C4377300061009 /* login_separateLine.png */ = {isa = PBXFileReference; lastKnownFileType = image.png; path = login_separateLine.png; sourceTree = "<group>"; };
		71AD9D0E19C4377300061009 /* login_textField.png */ = {isa = PBXFileReference; lastKnownFileType = image.png; path = login_textField.png; sourceTree = "<group>"; };
		71AD9D1919C43EFF00061009 /* UIView+Toast.h */ = {isa = PBXFileReference; fileEncoding = 4; lastKnownFileType = sourcecode.c.h; path = "UIView+Toast.h"; sourceTree = "<group>"; };
		71AD9D1A19C43EFF00061009 /* UIView+Toast.m */ = {isa = PBXFileReference; fileEncoding = 4; lastKnownFileType = sourcecode.c.objc; path = "UIView+Toast.m"; sourceTree = "<group>"; };
/* End PBXFileReference section */

/* Begin PBXFrameworksBuildPhase section */
		04FC3CE9191F2CD000CB8F80 /* Frameworks */ = {
			isa = PBXFrameworksBuildPhase;
			buildActionMask = 2147483647;
			files = (
				71A9873919C1E43E008402FF /* libz.dylib in Frameworks */,
				04FC3CF2191F2CD000CB8F80 /* CoreGraphics.framework in Frameworks */,
				04FC3CF4191F2CD000CB8F80 /* UIKit.framework in Frameworks */,
				04FC3CF0191F2CD000CB8F80 /* Foundation.framework in Frameworks */,
			);
			runOnlyForDeploymentPostprocessing = 0;
		};
		04FC3D0A191F2CD100CB8F80 /* Frameworks */ = {
			isa = PBXFrameworksBuildPhase;
			buildActionMask = 2147483647;
			files = (
				04FC3D0F191F2CD100CB8F80 /* XCTest.framework in Frameworks */,
				04FC3D11191F2CD100CB8F80 /* UIKit.framework in Frameworks */,
				04FC3D10191F2CD100CB8F80 /* Foundation.framework in Frameworks */,
			);
			runOnlyForDeploymentPostprocessing = 0;
		};
/* End PBXFrameworksBuildPhase section */

/* Begin PBXGroup section */
		031B544019D1AEC900FEA536 /* Default */ = {
			isa = PBXGroup;
			children = (
				031B544119D1AEC900FEA536 /* Default-568h@2x.png */,
				031B544219D1AEC900FEA536 /* Default@2x.png */,
				031B544319D1AEC900FEA536 /* Icon120.png */,
			);
			path = Default;
			sourceTree = "<group>";
		};
		033F737E19CD1D2500F5DF52 /* Utils */ = {
			isa = PBXGroup;
			children = (
				033F737F19CD1D4D00F5DF52 /* Utils.h */,
				033F738019CD1D4D00F5DF52 /* Utils.m */,
			);
			name = Utils;
			sourceTree = "<group>";
		};
		033F738919CD392E00F5DF52 /* Scan */ = {
			isa = PBXGroup;
			children = (
				033F738F19CD3BDA00F5DF52 /* InputBarcodeController.h */,
				033F739019CD3BDA00F5DF52 /* InputBarcodeController.m */,
				033F739119CD3BDA00F5DF52 /* InputBarcodeController.xib */,
				033F738A19CD3A1E00F5DF52 /* ScanViewController.h */,
				033F738B19CD3A1E00F5DF52 /* ScanViewController.m */,
				033F738C19CD3A1E00F5DF52 /* ScanViewController.xib */,
			);
			path = Scan;
			sourceTree = "<group>";
		};
		036163D119CE855000FDC231 /* LeftControllers */ = {
			isa = PBXGroup;
			children = (
				036163D219CE857200FDC231 /* WealthViewController.h */,
				036163D319CE857200FDC231 /* WealthViewController.m */,
				036163D419CE857200FDC231 /* WealthViewController.xib */,
				031B51EF19CF176200FEA536 /* IntegrationDetailController.h */,
				031B51F019CF176200FEA536 /* IntegrationDetailController.m */,
				031B51F119CF176200FEA536 /* IntegrationDetailController.xib */,
				036163E619CE95A900FDC231 /* RankViewController.h */,
				036163E719CE95A900FDC231 /* RankViewController.m */,
				036163E819CE95A900FDC231 /* RankViewController.xib */,
				036163DC19CE891500FDC231 /* View */,
			);
			path = LeftControllers;
			sourceTree = "<group>";
		};
		036163DC19CE891500FDC231 /* View */ = {
			isa = PBXGroup;
			children = (
				036163E119CE956B00FDC231 /* RankCell.h */,
				036163E219CE956B00FDC231 /* RankCell.m */,
				036163E319CE956B00FDC231 /* RankCell.xib */,
				036163D719CE890D00FDC231 /* WealthCell.h */,
				036163D819CE890D00FDC231 /* WealthCell.m */,
				036163D919CE890D00FDC231 /* WealthCell.xib */,
				031B51F419CF18CC00FEA536 /* IntegrationDetailCell.h */,
				031B51F519CF18CC00FEA536 /* IntegrationDetailCell.m */,
				031B51F619CF18CC00FEA536 /* IntegrationDetailCell.xib */,
			);
			name = View;
			sourceTree = "<group>";
		};
		04806AED19C6B27600772BEF /* Task */ = {
			isa = PBXGroup;
			children = (
				04806AEE19C6B29100772BEF /* TaskTableViewCell.h */,
				04806AEF19C6B29100772BEF /* TaskTableViewCell.m */,
				04806AF919C6BAD200772BEF /* TaskHeadView.h */,
				04806AFA19C6BAD200772BEF /* TaskHeadView.m */,
			);
			path = Task;
			sourceTree = "<group>";
		};
		04B3640F192071E7001FD570 /* SmallGoldMine */ = {
			isa = PBXGroup;
			children = (
				04806AED19C6B27600772BEF /* Task */,
				04B36410192071E7001FD570 /* SmallGoldMineCell.h */,
				04B36411192071E7001FD570 /* SmallGoldMineCell.m */,
				04B36412192071E7001FD570 /* SmallGoldMineViewController.h */,
				04B36413192071E7001FD570 /* SmallGoldMineViewController.m */,
				033F738919CD392E00F5DF52 /* Scan */,
			);
			path = SmallGoldMine;
			sourceTree = "<group>";
		};
		04B5FDCA19C6829B00102BC1 /* SDWebImage */ = {
			isa = PBXGroup;
			children = (
				04B5FDCB19C6829B00102BC1 /* MKAnnotationView+WebCache.h */,
				04B5FDCC19C6829B00102BC1 /* MKAnnotationView+WebCache.m */,
				04B5FDCD19C6829B00102BC1 /* NSData+ImageContentType.h */,
				04B5FDCE19C6829B00102BC1 /* NSData+ImageContentType.m */,
				04B5FDCF19C6829B00102BC1 /* SDImageCache.h */,
				04B5FDD019C6829B00102BC1 /* SDImageCache.m */,
				04B5FDD119C6829B00102BC1 /* SDImageCacheDelegate.h */,
				04B5FDD219C6829B00102BC1 /* SDWebImageCompat.h */,
				04B5FDD319C6829B00102BC1 /* SDWebImageCompat.m */,
				04B5FDD419C6829B00102BC1 /* SDWebImageDecoder.h */,
				04B5FDD519C6829B00102BC1 /* SDWebImageDecoder.m */,
				04B5FDD619C6829B00102BC1 /* SDWebImageDownloader.h */,
				04B5FDD719C6829B00102BC1 /* SDWebImageDownloader.m */,
				04B5FDD819C6829B00102BC1 /* SDWebImageDownloaderDelegate.h */,
				04B5FDD919C6829B00102BC1 /* SDWebImageDownloaderOperation.h */,
				04B5FDDA19C6829B00102BC1 /* SDWebImageDownloaderOperation.m */,
				04B5FDDB19C6829B00102BC1 /* SDWebImageManager.h */,
				04B5FDDC19C6829B00102BC1 /* SDWebImageManager.m */,
				04B5FDDD19C6829B00102BC1 /* SDWebImageManagerDelegate.h */,
				04B5FDDE19C6829B00102BC1 /* SDWebImageOperation.h */,
				04B5FDDF19C6829B00102BC1 /* SDWebImagePrefetcher.h */,
				04B5FDE019C6829B00102BC1 /* SDWebImagePrefetcher.m */,
				04B5FDE119C6829B00102BC1 /* UIButton+WebCache.h */,
				04B5FDE219C6829B00102BC1 /* UIButton+WebCache.m */,
				04B5FDE319C6829B00102BC1 /* UIImage+GIF.h */,
				04B5FDE419C6829B00102BC1 /* UIImage+GIF.m */,
				04B5FDE519C6829B00102BC1 /* UIImage+MultiFormat.h */,
				04B5FDE619C6829B00102BC1 /* UIImage+MultiFormat.m */,
				04B5FDE719C6829B00102BC1 /* UIImage+WebP.h */,
				04B5FDE819C6829B00102BC1 /* UIImage+WebP.m */,
				04B5FDE919C6829B00102BC1 /* UIImageView+WebCache.h */,
				04B5FDEA19C6829B00102BC1 /* UIImageView+WebCache.m */,
			);
			path = SDWebImage;
			sourceTree = "<group>";
		};
		04FC3CE3191F2CD000CB8F80 = {
			isa = PBXGroup;
			children = (
				04FC3CF5191F2CD000CB8F80 /* GoldMine */,
				04FC3D14191F2CD100CB8F80 /* GoldMineTests */,
				04FC3CEE191F2CD000CB8F80 /* Frameworks */,
				04FC3CED191F2CD000CB8F80 /* Products */,
			);
			sourceTree = "<group>";
		};
		04FC3CED191F2CD000CB8F80 /* Products */ = {
			isa = PBXGroup;
			children = (
				04FC3CEC191F2CD000CB8F80 /* GoldMine.app */,
				04FC3D0D191F2CD100CB8F80 /* GoldMineTests.xctest */,
			);
			name = Products;
			sourceTree = "<group>";
		};
		04FC3CEE191F2CD000CB8F80 /* Frameworks */ = {
			isa = PBXGroup;
			children = (
				71A9873819C1E43E008402FF /* libz.dylib */,
				04FC3CEF191F2CD000CB8F80 /* Foundation.framework */,
				04FC3CF1191F2CD000CB8F80 /* CoreGraphics.framework */,
				04FC3CF3191F2CD000CB8F80 /* UIKit.framework */,
				04FC3D0E191F2CD100CB8F80 /* XCTest.framework */,
			);
			name = Frameworks;
			sourceTree = "<group>";
		};
		04FC3CF5191F2CD000CB8F80 /* GoldMine */ = {
			isa = PBXGroup;
			children = (
				04FC3CFE191F2CD000CB8F80 /* AppDelegate.h */,
				04FC3CFF191F2CD000CB8F80 /* AppDelegate.m */,
				04FC3D60191F755900CB8F80 /* SuperViewController.h */,
				04FC3D61191F755900CB8F80 /* SuperViewController.m */,
				04FC3D01191F2CD000CB8F80 /* Main.storyboard */,
				04FC3D04191F2CD000CB8F80 /* ViewController.h */,
				04FC3D05191F2CD000CB8F80 /* ViewController.m */,
				71A9873A19C1E870008402FF /* Login */,
				04B3640F192071E7001FD570 /* SmallGoldMine */,
				04FC3D24191F2D0300CB8F80 /* DrawerController */,
				036163D119CE855000FDC231 /* LeftControllers */,
				71A9871019C1E2AF008402FF /* SoapRequest */,
				033F737E19CD1D2500F5DF52 /* Utils */,
				04FC3D6C191F98E700CB8F80 /* Lib */,
				04FC3D3D191F4FD200CB8F80 /* Images */,
				04FC3CF6191F2CD000CB8F80 /* Supporting Files */,
			);
			path = GoldMine;
			sourceTree = "<group>";
		};
		04FC3CF6191F2CD000CB8F80 /* Supporting Files */ = {
			isa = PBXGroup;
			children = (
				04FC3D07191F2CD000CB8F80 /* Images.xcassets */,
				04FC3CF7191F2CD000CB8F80 /* GoldMine-Info.plist */,
				04FC3CF8191F2CD000CB8F80 /* InfoPlist.strings */,
				04FC3CFB191F2CD000CB8F80 /* main.m */,
				04FC3CFD191F2CD000CB8F80 /* GoldMine-Prefix.pch */,
			);
			name = "Supporting Files";
			sourceTree = "<group>";
		};
		04FC3D14191F2CD100CB8F80 /* GoldMineTests */ = {
			isa = PBXGroup;
			children = (
				04FC3D1A191F2CD100CB8F80 /* GoldMineTests.m */,
				04FC3D15191F2CD100CB8F80 /* Supporting Files */,
			);
			path = GoldMineTests;
			sourceTree = "<group>";
		};
		04FC3D15191F2CD100CB8F80 /* Supporting Files */ = {
			isa = PBXGroup;
			children = (
				04FC3D16191F2CD100CB8F80 /* GoldMineTests-Info.plist */,
				04FC3D17191F2CD100CB8F80 /* InfoPlist.strings */,
			);
			name = "Supporting Files";
			sourceTree = "<group>";
		};
		04FC3D24191F2D0300CB8F80 /* DrawerController */ = {
			isa = PBXGroup;
			children = (
				04FC3D25191F2D0300CB8F80 /* DrawerLeftTableViewCell.h */,
				04FC3D26191F2D0300CB8F80 /* DrawerLeftTableViewCell.m */,
				04FC3D27191F2D0300CB8F80 /* MenuTopPhotoView.h */,
				04FC3D28191F2D0300CB8F80 /* MenuTopPhotoView.m */,
				04FC3D29191F2D0300CB8F80 /* MMDrawerBarButtonItem.h */,
				04FC3D2A191F2D0300CB8F80 /* MMDrawerBarButtonItem.m */,
				04FC3D2B191F2D0300CB8F80 /* MMDrawerController.h */,
				04FC3D2C191F2D0300CB8F80 /* MMDrawerController.m */,
				04FC3D2D191F2D0300CB8F80 /* MMDrawerVisualState.h */,
				04FC3D2E191F2D0300CB8F80 /* MMDrawerVisualState.m */,
				04FC3D2F191F2D0300CB8F80 /* SmallGoldMineDrawerVisualStateManager.h */,
				04FC3D30191F2D0300CB8F80 /* SmallGoldMineDrawerVisualStateManager.m */,
				04FC3D31191F2D0300CB8F80 /* SmallGoldMineSideDrawerViewController.h */,
				04FC3D32191F2D0300CB8F80 /* SmallGoldMineSideDrawerViewController.m */,
				04FC3D33191F2D0300CB8F80 /* UIViewController+MMDrawerController.h */,
				04FC3D34191F2D0300CB8F80 /* UIViewController+MMDrawerController.m */,
			);
			path = DrawerController;
			sourceTree = "<group>";
		};
		04FC3D3D191F4FD200CB8F80 /* Images */ = {
			isa = PBXGroup;
			children = (
				031B544019D1AEC900FEA536 /* Default */,
				71AD9D0519C4377300061009 /* LoginRegister */,
				04FC3D63191F88AD00CB8F80 /* SmallGoldMine */,
				04FC3D3E191F4FD200CB8F80 /* LeftMenu */,
			);
			path = Images;
			sourceTree = "<group>";
		};
		04FC3D3E191F4FD200CB8F80 /* LeftMenu */ = {
			isa = PBXGroup;
			children = (
				031B544719D1AF2400FEA536 /* logo_icon.png */,
				036163F119CEC08500FDC231 /* rankCell_round.png */,
				036163EB19CEBEC100FDC231 /* rankCell_one.png */,
				036163EC19CEBEC100FDC231 /* rankCell_three.png */,
				036163ED19CEBEC100FDC231 /* rankCell_two.png */,
				036163DD19CE8ED100FDC231 /* wealthCell_arrow.png */,
				036163DE19CE8ED100FDC231 /* wealthCell_integeration.png */,
				04FC3D3F191F4FD200CB8F80 /* cell_seperate_line@2x.png */,
				04FC3D40191F4FD200CB8F80 /* credit@2x.png */,
				04FC3D41191F4FD200CB8F80 /* credit_git@2x.png */,
				04FC3D42191F4FD200CB8F80 /* guys@2x.png */,
				04FC3D43191F4FD200CB8F80 /* hot_product@2x.png */,
				04FC3D44191F4FD200CB8F80 /* more@2x.png */,
				04FC3D45191F4FD200CB8F80 /* portrait_bg@2x.png */,
				04FC3D46191F4FD200CB8F80 /* rank@2x.png */,
				04FC3D47191F4FD200CB8F80 /* setting@2x.png */,
				04FC3D48191F4FD200CB8F80 /* task_release@2x.png */,
				04FC3D49191F4FD200CB8F80 /* vip_phonebook@2x.png */,
				04FC3D4A191F4FD200CB8F80 /* wealth@2x.png */,
				04FC3D4B191F4FD200CB8F80 /* wealth_bg@2x.png */,
			);
			path = LeftMenu;
			sourceTree = "<group>";
		};
		04FC3D63191F88AD00CB8F80 /* SmallGoldMine */ = {
			isa = PBXGroup;
			children = (
				033F739419CD3D7B00F5DF52 /* input_cancel_h.png */,
				033F739519CD3D7B00F5DF52 /* input_cancel_n.png */,
				033F739619CD3D7B00F5DF52 /* input_confirm_h.png */,
				033F739719CD3D7B00F5DF52 /* input_confirm_n.png */,
				033F739819CD3D7B00F5DF52 /* input_textField.png */,
				0318673619CD0FF0004C6DBD /* navi_back@2x.png */,
				04806AF119C6B7A400772BEF /* task_tel_down@2x.png */,
				04806AF219C6B7A400772BEF /* task_tel@2x.png */,
				04806AF319C6B7A400772BEF /* task_vip_down@2x.png */,
				04806AF419C6B7A400772BEF /* task_vip@2x.png */,
				04FC3D74191FA99400CB8F80 /* vsquare_good@2x.png */,
				04FC3D64191F88AD00CB8F80 /* add_ brand@2x.png */,
				04FC3D65191F88AD00CB8F80 /* banner@2x.png */,
				04FC3D66191F88AD00CB8F80 /* personal@2x.png */,
				04FC3D67191F88AD00CB8F80 /* scan@2x.png */,
			);
			path = SmallGoldMine;
			sourceTree = "<group>";
		};
		04FC3D6C191F98E700CB8F80 /* Lib */ = {
			isa = PBXGroup;
			children = (
				04B5FDCA19C6829B00102BC1 /* SDWebImage */,
				71AD9D1819C43EFF00061009 /* Toast */,
				71AD9D0119C41DA900061009 /* MBProgressHUD */,
				71A9871719C1E416008402FF /* ASIHttpRequest */,
				04FC3D6D191F98E700CB8F80 /* CustomSegmentControl */,
			);
			path = Lib;
			sourceTree = "<group>";
		};
		04FC3D6D191F98E700CB8F80 /* CustomSegmentControl */ = {
			isa = PBXGroup;
			children = (
				04FC3D6E191F98E700CB8F80 /* CustomSegmentedControl.h */,
				04FC3D6F191F98E700CB8F80 /* CustomSegmentedControl.m */,
			);
			path = CustomSegmentControl;
			sourceTree = "<group>";
		};
		71A9871019C1E2AF008402FF /* SoapRequest */ = {
			isa = PBXGroup;
			children = (
				71A9871119C1E2DC008402FF /* XMLParser.h */,
				71A9871219C1E2DC008402FF /* XMLParser.m */,
				71A9871419C1E3BA008402FF /* SoapRequest.h */,
				71A9871519C1E3BA008402FF /* SoapRequest.m */,
			);
			path = SoapRequest;
			sourceTree = "<group>";
		};
		71A9871719C1E416008402FF /* ASIHttpRequest */ = {
			isa = PBXGroup;
			children = (
				71A9871819C1E416008402FF /* ASIAuthenticationDialog.h */,
				71A9871919C1E416008402FF /* ASIAuthenticationDialog.m */,
				71A9871A19C1E416008402FF /* ASICacheDelegate.h */,
				71A9871B19C1E416008402FF /* ASIDataCompressor.h */,
				71A9871C19C1E416008402FF /* ASIDataCompressor.m */,
				71A9871D19C1E416008402FF /* ASIDataDecompressor.h */,
				71A9871E19C1E416008402FF /* ASIDataDecompressor.m */,
				71A9871F19C1E416008402FF /* ASIDownloadCache.h */,
				71A9872019C1E416008402FF /* ASIDownloadCache.m */,
				71A9872119C1E416008402FF /* ASIFormDataRequest.h */,
				71A9872219C1E416008402FF /* ASIFormDataRequest.m */,
				71A9872319C1E416008402FF /* ASIHTTPRequest.h */,
				71A9872419C1E416008402FF /* ASIHTTPRequest.m */,
				71A9872519C1E416008402FF /* ASIHTTPRequestConfig.h */,
				71A9872619C1E416008402FF /* ASIHTTPRequestDelegate.h */,
				71A9872719C1E416008402FF /* ASIInputStream.h */,
				71A9872819C1E416008402FF /* ASIInputStream.m */,
				71A9872919C1E416008402FF /* ASINetworkQueue.h */,
				71A9872A19C1E416008402FF /* ASINetworkQueue.m */,
				71A9872B19C1E416008402FF /* ASIProgressDelegate.h */,
				71A9872C19C1E416008402FF /* Reachability */,
			);
			path = ASIHttpRequest;
			sourceTree = "<group>";
		};
		71A9872C19C1E416008402FF /* Reachability */ = {
			isa = PBXGroup;
			children = (
				71A9872D19C1E416008402FF /* Reachability.h */,
				71A9872E19C1E416008402FF /* Reachability.m */,
			);
			path = Reachability;
			sourceTree = "<group>";
		};
		71A9873A19C1E870008402FF /* Login */ = {
			isa = PBXGroup;
			children = (
				71A9873B19C1E8F4008402FF /* LoginController.h */,
				71A9873C19C1E8F4008402FF /* LoginController.m */,
				71A9873D19C1E8F4008402FF /* LoginController.xib */,
				0318673119CD0CAE004C6DBD /* RegisterController.h */,
				0318673219CD0CAE004C6DBD /* RegisterController.m */,
				0318673319CD0CAE004C6DBD /* RegisterController.xib */,
			);
			name = Login;
			sourceTree = "<group>";
		};
		71AD9D0119C41DA900061009 /* MBProgressHUD */ = {
			isa = PBXGroup;
			children = (
				71AD9D0219C41DA900061009 /* MBProgressHUD.h */,
				71AD9D0319C41DA900061009 /* MBProgressHUD.m */,
			);
			path = MBProgressHUD;
			sourceTree = "<group>";
		};
		71AD9D0519C4377300061009 /* LoginRegister */ = {
			isa = PBXGroup;
			children = (
				033F738219CD1E3500F5DF52 /* register_verifyCode_h.png */,
				033F738319CD1E3500F5DF52 /* register_verifyCode_n.png */,
				033F738419CD1E3500F5DF52 /* register_verifyThumb.png */,
				71AD9D0619C4377300061009 /* login_button_h.png */,
				71AD9D0719C4377300061009 /* login_button_n.png */,
				71AD9D0819C4377300061009 /* login_logo.png */,
				71AD9D0919C4377300061009 /* login_mobile.png */,
				71AD9D0A19C4377300061009 /* login_password.png */,
				71AD9D0B19C4377300061009 /* login_register_h.png */,
				71AD9D0C19C4377300061009 /* login_register_n.png */,
				71AD9D0D19C4377300061009 /* login_separateLine.png */,
				71AD9D0E19C4377300061009 /* login_textField.png */,
			);
			path = LoginRegister;
			sourceTree = "<group>";
		};
		71AD9D1819C43EFF00061009 /* Toast */ = {
			isa = PBXGroup;
			children = (
				71AD9D1919C43EFF00061009 /* UIView+Toast.h */,
				71AD9D1A19C43EFF00061009 /* UIView+Toast.m */,
			);
			path = Toast;
			sourceTree = "<group>";
		};
/* End PBXGroup section */

/* Begin PBXNativeTarget section */
		04FC3CEB191F2CD000CB8F80 /* GoldMine */ = {
			isa = PBXNativeTarget;
			buildConfigurationList = 04FC3D1E191F2CD100CB8F80 /* Build configuration list for PBXNativeTarget "GoldMine" */;
			buildPhases = (
				04FC3CE8191F2CD000CB8F80 /* Sources */,
				04FC3CE9191F2CD000CB8F80 /* Frameworks */,
				04FC3CEA191F2CD000CB8F80 /* Resources */,
			);
			buildRules = (
			);
			dependencies = (
			);
			name = GoldMine;
			productName = GoldMine;
			productReference = 04FC3CEC191F2CD000CB8F80 /* GoldMine.app */;
			productType = "com.apple.product-type.application";
		};
		04FC3D0C191F2CD100CB8F80 /* GoldMineTests */ = {
			isa = PBXNativeTarget;
			buildConfigurationList = 04FC3D21191F2CD100CB8F80 /* Build configuration list for PBXNativeTarget "GoldMineTests" */;
			buildPhases = (
				04FC3D09191F2CD100CB8F80 /* Sources */,
				04FC3D0A191F2CD100CB8F80 /* Frameworks */,
				04FC3D0B191F2CD100CB8F80 /* Resources */,
			);
			buildRules = (
			);
			dependencies = (
				04FC3D13191F2CD100CB8F80 /* PBXTargetDependency */,
			);
			name = GoldMineTests;
			productName = GoldMineTests;
			productReference = 04FC3D0D191F2CD100CB8F80 /* GoldMineTests.xctest */;
			productType = "com.apple.product-type.bundle.unit-test";
		};
/* End PBXNativeTarget section */

/* Begin PBXProject section */
		04FC3CE4191F2CD000CB8F80 /* Project object */ = {
			isa = PBXProject;
			attributes = {
				LastUpgradeCheck = 0510;
				ORGANIZATIONNAME = us;
				TargetAttributes = {
					04FC3D0C191F2CD100CB8F80 = {
						TestTargetID = 04FC3CEB191F2CD000CB8F80;
					};
				};
			};
			buildConfigurationList = 04FC3CE7191F2CD000CB8F80 /* Build configuration list for PBXProject "GoldMine" */;
			compatibilityVersion = "Xcode 3.2";
			developmentRegion = English;
			hasScannedForEncodings = 0;
			knownRegions = (
				en,
				Base,
			);
			mainGroup = 04FC3CE3191F2CD000CB8F80;
			productRefGroup = 04FC3CED191F2CD000CB8F80 /* Products */;
			projectDirPath = "";
			projectRoot = "";
			targets = (
				04FC3CEB191F2CD000CB8F80 /* GoldMine */,
				04FC3D0C191F2CD100CB8F80 /* GoldMineTests */,
			);
		};
/* End PBXProject section */

/* Begin PBXResourcesBuildPhase section */
		04FC3CEA191F2CD000CB8F80 /* Resources */ = {
			isa = PBXResourcesBuildPhase;
			buildActionMask = 2147483647;
			files = (
				033F739B19CD3D7B00F5DF52 /* input_confirm_h.png in Resources */,
				04FC3D4C191F4FD200CB8F80 /* cell_seperate_line@2x.png in Resources */,
				04806AF619C6B7A400772BEF /* task_tel@2x.png in Resources */,
				04FC3D6B191F88AD00CB8F80 /* scan@2x.png in Resources */,
				033F739C19CD3D7B00F5DF52 /* input_confirm_n.png in Resources */,
				04806AF719C6B7A400772BEF /* task_vip_down@2x.png in Resources */,
				04FC3D4D191F4FD200CB8F80 /* credit@2x.png in Resources */,
				0318673719CD0FF0004C6DBD /* navi_back@2x.png in Resources */,
				04FC3D69191F88AD00CB8F80 /* banner@2x.png in Resources */,
				036163E519CE956B00FDC231 /* RankCell.xib in Resources */,
				031B544519D1AEC900FEA536 /* Default@2x.png in Resources */,
				036163EE19CEBEC100FDC231 /* rankCell_one.png in Resources */,
				71AD9D1319C4377300061009 /* login_password.png in Resources */,
				04FC3D51191F4FD200CB8F80 /* more@2x.png in Resources */,
				04FC3D53191F4FD200CB8F80 /* rank@2x.png in Resources */,
				71AD9D1019C4377300061009 /* login_button_n.png in Resources */,
				036163DB19CE890D00FDC231 /* WealthCell.xib in Resources */,
				033F738519CD1E3500F5DF52 /* register_verifyCode_h.png in Resources */,
				033F738719CD1E3500F5DF52 /* register_verifyThumb.png in Resources */,
				04FC3D08191F2CD000CB8F80 /* Images.xcassets in Resources */,
				04FC3D68191F88AD00CB8F80 /* add_ brand@2x.png in Resources */,
				04FC3CFA191F2CD000CB8F80 /* InfoPlist.strings in Resources */,
				036163EF19CEBEC100FDC231 /* rankCell_three.png in Resources */,
				04806AF819C6B7A400772BEF /* task_vip@2x.png in Resources */,
				031B51F819CF18CC00FEA536 /* IntegrationDetailCell.xib in Resources */,
				036163F219CEC08500FDC231 /* rankCell_round.png in Resources */,
				04FC3D55191F4FD200CB8F80 /* task_release@2x.png in Resources */,
				71AD9D1219C4377300061009 /* login_mobile.png in Resources */,
				033F739A19CD3D7B00F5DF52 /* input_cancel_n.png in Resources */,
				04FC3D03191F2CD000CB8F80 /* Main.storyboard in Resources */,
				033F738E19CD3A1E00F5DF52 /* ScanViewController.xib in Resources */,
				04FC3D50191F4FD200CB8F80 /* hot_product@2x.png in Resources */,
				033F739D19CD3D7B00F5DF52 /* input_textField.png in Resources */,
				71AD9D1719C4377300061009 /* login_textField.png in Resources */,
				04FC3D57191F4FD200CB8F80 /* wealth@2x.png in Resources */,
				036163F019CEBEC100FDC231 /* rankCell_two.png in Resources */,
				04FC3D54191F4FD200CB8F80 /* setting@2x.png in Resources */,
				036163D619CE857200FDC231 /* WealthViewController.xib in Resources */,
				036163E019CE8ED100FDC231 /* wealthCell_integeration.png in Resources */,
				04FC3D75191FA99400CB8F80 /* vsquare_good@2x.png in Resources */,
				71AD9D1619C4377300061009 /* login_separateLine.png in Resources */,
				71AD9D1519C4377300061009 /* login_register_n.png in Resources */,
				71AD9D0F19C4377300061009 /* login_button_h.png in Resources */,
				04FC3D4E191F4FD200CB8F80 /* credit_git@2x.png in Resources */,
				033F739919CD3D7B00F5DF52 /* input_cancel_h.png in Resources */,
				04FC3D4F191F4FD200CB8F80 /* guys@2x.png in Resources */,
				71A9873F19C1E8F4008402FF /* LoginController.xib in Resources */,
				036163EA19CE95A900FDC231 /* RankViewController.xib in Resources */,
				04FC3D58191F4FD200CB8F80 /* wealth_bg@2x.png in Resources */,
				71AD9D1119C4377300061009 /* login_logo.png in Resources */,
				031B544819D1AF2400FEA536 /* logo_icon.png in Resources */,
				04FC3D52191F4FD200CB8F80 /* portrait_bg@2x.png in Resources */,
				036163DF19CE8ED100FDC231 /* wealthCell_arrow.png in Resources */,
				04FC3D6A191F88AD00CB8F80 /* personal@2x.png in Resources */,
				0318673519CD0CAE004C6DBD /* RegisterController.xib in Resources */,
				031B544619D1AEC900FEA536 /* Icon120.png in Resources */,
				031B544419D1AEC900FEA536 /* Default-568h@2x.png in Resources */,
				033F738619CD1E3500F5DF52 /* register_verifyCode_n.png in Resources */,
				04FC3D56191F4FD200CB8F80 /* vip_phonebook@2x.png in Resources */,
				71AD9D1419C4377300061009 /* login_register_h.png in Resources */,
				031B51F319CF176200FEA536 /* IntegrationDetailController.xib in Resources */,
				04806AF519C6B7A400772BEF /* task_tel_down@2x.png in Resources */,
				033F739319CD3BDA00F5DF52 /* InputBarcodeController.xib in Resources */,
			);
			runOnlyForDeploymentPostprocessing = 0;
		};
		04FC3D0B191F2CD100CB8F80 /* Resources */ = {
			isa = PBXResourcesBuildPhase;
			buildActionMask = 2147483647;
			files = (
				04FC3D19191F2CD100CB8F80 /* InfoPlist.strings in Resources */,
			);
			runOnlyForDeploymentPostprocessing = 0;
		};
/* End PBXResourcesBuildPhase section */

/* Begin PBXSourcesBuildPhase section */
		04FC3CE8191F2CD000CB8F80 /* Sources */ = {
			isa = PBXSourcesBuildPhase;
			buildActionMask = 2147483647;
			files = (
				033F738119CD1D4D00F5DF52 /* Utils.m in Sources */,
				71A9873719C1E416008402FF /* Reachability.m in Sources */,
				04FC3D62191F755900CB8F80 /* SuperViewController.m in Sources */,
				04B5FDF219C6829B00102BC1 /* SDWebImageManager.m in Sources */,
				04B5FDF319C6829C00102BC1 /* SDWebImagePrefetcher.m in Sources */,
				04FC3D3C191F2D0300CB8F80 /* UIViewController+MMDrawerController.m in Sources */,
				04FC3D3A191F2D0300CB8F80 /* SmallGoldMineDrawerVisualStateManager.m in Sources */,
				04FC3D36191F2D0300CB8F80 /* MenuTopPhotoView.m in Sources */,
				71A9871319C1E2DC008402FF /* XMLParser.m in Sources */,
				04B5FDF119C6829B00102BC1 /* SDWebImageDownloaderOperation.m in Sources */,
				04B36415192071E7001FD570 /* SmallGoldMineViewController.m in Sources */,
				71A9873019C1E416008402FF /* ASIDataCompressor.m in Sources */,
				04FC3D37191F2D0300CB8F80 /* MMDrawerBarButtonItem.m in Sources */,
				04806AFB19C6BAD200772BEF /* TaskHeadView.m in Sources */,
				04B36414192071E7001FD570 /* SmallGoldMineCell.m in Sources */,
				04FC3D38191F2D0300CB8F80 /* MMDrawerController.m in Sources */,
				71A9873319C1E416008402FF /* ASIFormDataRequest.m in Sources */,
				71A9873119C1E416008402FF /* ASIDataDecompressor.m in Sources */,
				033F739219CD3BDA00F5DF52 /* InputBarcodeController.m in Sources */,
				04FC3D06191F2CD000CB8F80 /* ViewController.m in Sources */,
				033F738D19CD3A1E00F5DF52 /* ScanViewController.m in Sources */,
				71A9871619C1E3BA008402FF /* SoapRequest.m in Sources */,
				04B5FDF519C6829C00102BC1 /* UIImage+GIF.m in Sources */,
				71A9873419C1E416008402FF /* ASIHTTPRequest.m in Sources */,
				04FC3D39191F2D0300CB8F80 /* MMDrawerVisualState.m in Sources */,
				71A9873E19C1E8F4008402FF /* LoginController.m in Sources */,
				04FC3D70191F98E700CB8F80 /* CustomSegmentedControl.m in Sources */,
				04B5FDF419C6829C00102BC1 /* UIButton+WebCache.m in Sources */,
				04806AF019C6B29100772BEF /* TaskTableViewCell.m in Sources */,
				04B5FDF819C6829C00102BC1 /* UIImageView+WebCache.m in Sources */,
				04B5FDF019C6829B00102BC1 /* SDWebImageDownloader.m in Sources */,
				04B5FDF719C6829C00102BC1 /* UIImage+WebP.m in Sources */,
				04B5FDF619C6829C00102BC1 /* UIImage+MultiFormat.m in Sources */,
				031B51F219CF176200FEA536 /* IntegrationDetailController.m in Sources */,
				71A9872F19C1E416008402FF /* ASIAuthenticationDialog.m in Sources */,
				04FC3D00191F2CD000CB8F80 /* AppDelegate.m in Sources */,
				036163DA19CE890D00FDC231 /* WealthCell.m in Sources */,
				04FC3D3B191F2D0300CB8F80 /* SmallGoldMineSideDrawerViewController.m in Sources */,
				04B5FDEE19C6829B00102BC1 /* SDWebImageCompat.m in Sources */,
				71A9873519C1E416008402FF /* ASIInputStream.m in Sources */,
				04B5FDEF19C6829B00102BC1 /* SDWebImageDecoder.m in Sources */,
				0318673419CD0CAE004C6DBD /* RegisterController.m in Sources */,
				04B5FDED19C6829B00102BC1 /* SDImageCache.m in Sources */,
				04B5FDEB19C6829B00102BC1 /* MKAnnotationView+WebCache.m in Sources */,
				04FC3CFC191F2CD000CB8F80 /* main.m in Sources */,
				036163E919CE95A900FDC231 /* RankViewController.m in Sources */,
				71AD9D1B19C43EFF00061009 /* UIView+Toast.m in Sources */,
				04FC3D35191F2D0300CB8F80 /* DrawerLeftTableViewCell.m in Sources */,
				036163D519CE857200FDC231 /* WealthViewController.m in Sources */,
				71A9873219C1E416008402FF /* ASIDownloadCache.m in Sources */,
				04B5FDEC19C6829B00102BC1 /* NSData+ImageContentType.m in Sources */,
				031B51F719CF18CC00FEA536 /* IntegrationDetailCell.m in Sources */,
				036163E419CE956B00FDC231 /* RankCell.m in Sources */,
				71A9873619C1E416008402FF /* ASINetworkQueue.m in Sources */,
				71AD9D0419C41DA900061009 /* MBProgressHUD.m in Sources */,
			);
			runOnlyForDeploymentPostprocessing = 0;
		};
		04FC3D09191F2CD100CB8F80 /* Sources */ = {
			isa = PBXSourcesBuildPhase;
			buildActionMask = 2147483647;
			files = (
				04FC3D1B191F2CD100CB8F80 /* GoldMineTests.m in Sources */,
			);
			runOnlyForDeploymentPostprocessing = 0;
		};
/* End PBXSourcesBuildPhase section */

/* Begin PBXTargetDependency section */
		04FC3D13191F2CD100CB8F80 /* PBXTargetDependency */ = {
			isa = PBXTargetDependency;
			target = 04FC3CEB191F2CD000CB8F80 /* GoldMine */;
			targetProxy = 04FC3D12191F2CD100CB8F80 /* PBXContainerItemProxy */;
		};
/* End PBXTargetDependency section */

/* Begin PBXVariantGroup section */
		04FC3CF8191F2CD000CB8F80 /* InfoPlist.strings */ = {
			isa = PBXVariantGroup;
			children = (
				04FC3CF9191F2CD000CB8F80 /* en */,
			);
			name = InfoPlist.strings;
			sourceTree = "<group>";
		};
		04FC3D01191F2CD000CB8F80 /* Main.storyboard */ = {
			isa = PBXVariantGroup;
			children = (
				04FC3D02191F2CD000CB8F80 /* Base */,
			);
			name = Main.storyboard;
			sourceTree = "<group>";
		};
		04FC3D17191F2CD100CB8F80 /* InfoPlist.strings */ = {
			isa = PBXVariantGroup;
			children = (
				04FC3D18191F2CD100CB8F80 /* en */,
			);
			name = InfoPlist.strings;
			sourceTree = "<group>";
		};
/* End PBXVariantGroup section */

/* Begin XCBuildConfiguration section */
		04FC3D1C191F2CD100CB8F80 /* Debug */ = {
			isa = XCBuildConfiguration;
			buildSettings = {
				ALWAYS_SEARCH_USER_PATHS = NO;
				CLANG_CXX_LANGUAGE_STANDARD = "gnu++0x";
				CLANG_CXX_LIBRARY = "libc++";
				CLANG_ENABLE_MODULES = YES;
				CLANG_ENABLE_OBJC_ARC = YES;
				CLANG_WARN_BOOL_CONVERSION = YES;
				CLANG_WARN_CONSTANT_CONVERSION = YES;
				CLANG_WARN_DIRECT_OBJC_ISA_USAGE = YES_ERROR;
				CLANG_WARN_EMPTY_BODY = YES;
				CLANG_WARN_ENUM_CONVERSION = YES;
				CLANG_WARN_INT_CONVERSION = YES;
				CLANG_WARN_OBJC_ROOT_CLASS = YES_ERROR;
				CLANG_WARN__DUPLICATE_METHOD_MATCH = YES;
				"CODE_SIGN_IDENTITY[sdk=iphoneos*]" = "iPhone Developer";
				COPY_PHASE_STRIP = NO;
				GCC_C_LANGUAGE_STANDARD = gnu99;
				GCC_DYNAMIC_NO_PIC = NO;
				GCC_OPTIMIZATION_LEVEL = 0;
				GCC_PREPROCESSOR_DEFINITIONS = (
					"DEBUG=1",
					"$(inherited)",
				);
				GCC_SYMBOLS_PRIVATE_EXTERN = NO;
				GCC_WARN_64_TO_32_BIT_CONVERSION = YES;
				GCC_WARN_ABOUT_RETURN_TYPE = YES_ERROR;
				GCC_WARN_UNDECLARED_SELECTOR = YES;
				GCC_WARN_UNINITIALIZED_AUTOS = YES_AGGRESSIVE;
				GCC_WARN_UNUSED_FUNCTION = YES;
				GCC_WARN_UNUSED_VARIABLE = YES;
				IPHONEOS_DEPLOYMENT_TARGET = 7.1;
				ONLY_ACTIVE_ARCH = YES;
				SDKROOT = iphoneos;
			};
			name = Debug;
		};
		04FC3D1D191F2CD100CB8F80 /* Release */ = {
			isa = XCBuildConfiguration;
			buildSettings = {
				ALWAYS_SEARCH_USER_PATHS = NO;
				CLANG_CXX_LANGUAGE_STANDARD = "gnu++0x";
				CLANG_CXX_LIBRARY = "libc++";
				CLANG_ENABLE_MODULES = YES;
				CLANG_ENABLE_OBJC_ARC = YES;
				CLANG_WARN_BOOL_CONVERSION = YES;
				CLANG_WARN_CONSTANT_CONVERSION = YES;
				CLANG_WARN_DIRECT_OBJC_ISA_USAGE = YES_ERROR;
				CLANG_WARN_EMPTY_BODY = YES;
				CLANG_WARN_ENUM_CONVERSION = YES;
				CLANG_WARN_INT_CONVERSION = YES;
				CLANG_WARN_OBJC_ROOT_CLASS = YES_ERROR;
				CLANG_WARN__DUPLICATE_METHOD_MATCH = YES;
				"CODE_SIGN_IDENTITY[sdk=iphoneos*]" = "iPhone Developer";
				COPY_PHASE_STRIP = YES;
				ENABLE_NS_ASSERTIONS = NO;
				GCC_C_LANGUAGE_STANDARD = gnu99;
				GCC_WARN_64_TO_32_BIT_CONVERSION = YES;
				GCC_WARN_ABOUT_RETURN_TYPE = YES_ERROR;
				GCC_WARN_UNDECLARED_SELECTOR = YES;
				GCC_WARN_UNINITIALIZED_AUTOS = YES_AGGRESSIVE;
				GCC_WARN_UNUSED_FUNCTION = YES;
				GCC_WARN_UNUSED_VARIABLE = YES;
				IPHONEOS_DEPLOYMENT_TARGET = 7.1;
				SDKROOT = iphoneos;
				VALIDATE_PRODUCT = YES;
			};
			name = Release;
		};
		04FC3D1F191F2CD100CB8F80 /* Debug */ = {
			isa = XCBuildConfiguration;
			buildSettings = {
				GCC_PRECOMPILE_PREFIX_HEADER = YES;
				GCC_PREFIX_HEADER = "GoldMine/GoldMine-Prefix.pch";
				INFOPLIST_FILE = "GoldMine/GoldMine-Info.plist";
				IPHONEOS_DEPLOYMENT_TARGET = 7.0;
				PRODUCT_NAME = "$(TARGET_NAME)";
				WRAPPER_EXTENSION = app;
			};
			name = Debug;
		};
		04FC3D20191F2CD100CB8F80 /* Release */ = {
			isa = XCBuildConfiguration;
			buildSettings = {
				GCC_PRECOMPILE_PREFIX_HEADER = YES;
				GCC_PREFIX_HEADER = "GoldMine/GoldMine-Prefix.pch";
				INFOPLIST_FILE = "GoldMine/GoldMine-Info.plist";
				IPHONEOS_DEPLOYMENT_TARGET = 7.0;
				PRODUCT_NAME = "$(TARGET_NAME)";
				WRAPPER_EXTENSION = app;
			};
			name = Release;
		};
		04FC3D22191F2CD100CB8F80 /* Debug */ = {
			isa = XCBuildConfiguration;
			buildSettings = {
				BUNDLE_LOADER = "$(BUILT_PRODUCTS_DIR)/GoldMine.app/GoldMine";
				FRAMEWORK_SEARCH_PATHS = (
					"$(SDKROOT)/Developer/Library/Frameworks",
					"$(inherited)",
					"$(DEVELOPER_FRAMEWORKS_DIR)",
				);
				GCC_PRECOMPILE_PREFIX_HEADER = YES;
				GCC_PREFIX_HEADER = "GoldMine/GoldMine-Prefix.pch";
				GCC_PREPROCESSOR_DEFINITIONS = (
					"DEBUG=1",
					"$(inherited)",
				);
				INFOPLIST_FILE = "GoldMineTests/GoldMineTests-Info.plist";
				PRODUCT_NAME = "$(TARGET_NAME)";
				TEST_HOST = "$(BUNDLE_LOADER)";
				WRAPPER_EXTENSION = xctest;
			};
			name = Debug;
		};
		04FC3D23191F2CD100CB8F80 /* Release */ = {
			isa = XCBuildConfiguration;
			buildSettings = {
				BUNDLE_LOADER = "$(BUILT_PRODUCTS_DIR)/GoldMine.app/GoldMine";
				FRAMEWORK_SEARCH_PATHS = (
					"$(SDKROOT)/Developer/Library/Frameworks",
					"$(inherited)",
					"$(DEVELOPER_FRAMEWORKS_DIR)",
				);
				GCC_PRECOMPILE_PREFIX_HEADER = YES;
				GCC_PREFIX_HEADER = "GoldMine/GoldMine-Prefix.pch";
				INFOPLIST_FILE = "GoldMineTests/GoldMineTests-Info.plist";
				PRODUCT_NAME = "$(TARGET_NAME)";
				TEST_HOST = "$(BUNDLE_LOADER)";
				WRAPPER_EXTENSION = xctest;
			};
			name = Release;
		};
/* End XCBuildConfiguration section */

/* Begin XCConfigurationList section */
		04FC3CE7191F2CD000CB8F80 /* Build configuration list for PBXProject "GoldMine" */ = {
			isa = XCConfigurationList;
			buildConfigurations = (
				04FC3D1C191F2CD100CB8F80 /* Debug */,
				04FC3D1D191F2CD100CB8F80 /* Release */,
			);
			defaultConfigurationIsVisible = 0;
			defaultConfigurationName = Release;
		};
		04FC3D1E191F2CD100CB8F80 /* Build configuration list for PBXNativeTarget "GoldMine" */ = {
			isa = XCConfigurationList;
			buildConfigurations = (
				04FC3D1F191F2CD100CB8F80 /* Debug */,
				04FC3D20191F2CD100CB8F80 /* Release */,
			);
			defaultConfigurationIsVisible = 0;
			defaultConfigurationName = Release;
		};
		04FC3D21191F2CD100CB8F80 /* Build configuration list for PBXNativeTarget "GoldMineTests" */ = {
			isa = XCConfigurationList;
			buildConfigurations = (
				04FC3D22191F2CD100CB8F80 /* Debug */,
				04FC3D23191F2CD100CB8F80 /* Release */,
			);
			defaultConfigurationIsVisible = 0;
			defaultConfigurationName = Release;
		};
/* End XCConfigurationList section */
	};
	rootObject = 04FC3CE4191F2CD000CB8F80 /* Project object */;
}
